// !$*UTF8*$!
{
	archiveVersion = 1;
	classes = {
	};
	objectVersion = 46;
	objects = {

/* Begin PBXBuildFile section */
		1D3623260D0F684500981E51 /* mainAppDelegate.m in Sources */ = {isa = PBXBuildFile; fileRef = 1D3623250D0F684500981E51 /* mainAppDelegate.m */; };
		1D60589B0D05DD56006BFB54 /* main.m in Sources */ = {isa = PBXBuildFile; fileRef = 29B97316FDCFA39411CA2CEA /* main.m */; };
		1D60589F0D05DD5A006BFB54 /* Foundation.framework in Frameworks */ = {isa = PBXBuildFile; fileRef = 1D30AB110D05D00D00671497 /* Foundation.framework */; };
		1DF5F4E00D08C38300B7A737 /* UIKit.framework in Frameworks */ = {isa = PBXBuildFile; fileRef = 1DF5F4DF0D08C38300B7A737 /* UIKit.framework */; };
		288765FD0DF74451002DB57D /* CoreGraphics.framework in Frameworks */ = {isa = PBXBuildFile; fileRef = 288765FC0DF74451002DB57D /* CoreGraphics.framework */; };
		69862B321367B80A002E909B /* libzbar.a in Frameworks */ = {isa = PBXBuildFile; fileRef = 69862B2C1367B80A002E909B /* libzbar.a */; };
		69862B471367B83A002E909B /* libiconv.dylib in Frameworks */ = {isa = PBXBuildFile; fileRef = 69862B461367B83A002E909B /* libiconv.dylib */; };
		69862B8313685F4C002E909B /* codeScanner.m in Sources */ = {isa = PBXBuildFile; fileRef = 69862B8213685F4C002E909B /* codeScanner.m */; };
		69980EC1138356D500CE90A9 /* userEntryVC.m in Sources */ = {isa = PBXBuildFile; fileRef = 69980EC0138356D500CE90A9 /* userEntryVC.m */; };
		69D73EA9136A2840004380D6 /* COPYING in Resources */ = {isa = PBXBuildFile; fileRef = 69D73EA8136A2840004380D6 /* COPYING */; };
		69D73EAB136A29AF004380D6 /* ATTRIBUTIONS in Resources */ = {isa = PBXBuildFile; fileRef = 69D73EAA136A29AF004380D6 /* ATTRIBUTIONS */; };
		69D73EBB136A5741004380D6 /* Icon-72.png in Resources */ = {isa = PBXBuildFile; fileRef = 69D73EBA136A5741004380D6 /* Icon-72.png */; };
		69D73ED2136A6552004380D6 /* Database Schema.txt in Resources */ = {isa = PBXBuildFile; fileRef = 69D73ED1136A6552004380D6 /* Database Schema.txt */; };
		69D73EEE136B065E004380D6 /* libsqlite3.dylib in Frameworks */ = {isa = PBXBuildFile; fileRef = 69D73EED136B065E004380D6 /* libsqlite3.dylib */; };
		69D73F97136B6F8D004380D6 /* databaseManager.m in Sources */ = {isa = PBXBuildFile; fileRef = 69D73F96136B6F8D004380D6 /* databaseManager.m */; };
		69D73FC0136B70CC004380D6 /* database.sql in Resources */ = {isa = PBXBuildFile; fileRef = 69D73FBF136B70CC004380D6 /* database.sql */; };
		69D73FE4136BC8F9004380D6 /* TODO in Resources */ = {isa = PBXBuildFile; fileRef = 69D73FE3136BC8F9004380D6 /* TODO */; };
		69D73FF1136BCE76004380D6 /* aitunesCustomer.m in Sources */ = {isa = PBXBuildFile; fileRef = 69D73FF0136BCE76004380D6 /* aitunesCustomer.m */; };
		69D9F3F013802A7600FC3B3B /* userAdminVC.m in Sources */ = {isa = PBXBuildFile; fileRef = 69D9F3EF13802A7600FC3B3B /* userAdminVC.m */; };
		69E7A9B313635F480020A229 /* cameraView.m in Sources */ = {isa = PBXBuildFile; fileRef = 69E7A9B213635F480020A229 /* cameraView.m */; };
		69E7A9B613635F610020A229 /* customerInfoView.m in Sources */ = {isa = PBXBuildFile; fileRef = 69E7A9B513635F610020A229 /* customerInfoView.m */; };
		69E7A9B913635F740020A229 /* mainViewController.m in Sources */ = {isa = PBXBuildFile; fileRef = 69E7A9B813635F740020A229 /* mainViewController.m */; };
		69E7AB561363A65D0020A229 /* Default-Portrait.png in Resources */ = {isa = PBXBuildFile; fileRef = 69E7AB551363A65D0020A229 /* Default-Portrait.png */; };
		69E7ABB81365C24E0020A229 /* AVFoundation.framework in Frameworks */ = {isa = PBXBuildFile; fileRef = 69E7ABB71365C24E0020A229 /* AVFoundation.framework */; };
		69E7AC091365C5750020A229 /* CoreVideo.framework in Frameworks */ = {isa = PBXBuildFile; fileRef = 69E7AC081365C5750020A229 /* CoreVideo.framework */; };
		69E7AC0D1365C5860020A229 /* CoreMedia.framework in Frameworks */ = {isa = PBXBuildFile; fileRef = 69E7AC0C1365C5860020A229 /* CoreMedia.framework */; };
		69E7AC111365C59D0020A229 /* QuartzCore.framework in Frameworks */ = {isa = PBXBuildFile; fileRef = 69E7AC101365C59D0020A229 /* QuartzCore.framework */; };
		69E7AF81136789120020A229 /* frameOverlay.png in Resources */ = {isa = PBXBuildFile; fileRef = 69E7AF80136789120020A229 /* frameOverlay.png */; };
		69E7B000136793D50020A229 /* rootView.m in Sources */ = {isa = PBXBuildFile; fileRef = 69E7AFFF136793D50020A229 /* rootView.m */; };
/* End PBXBuildFile section */

/* Begin PBXFileReference section */
		1D30AB110D05D00D00671497 /* Foundation.framework */ = {isa = PBXFileReference; lastKnownFileType = wrapper.framework; name = Foundation.framework; path = System/Library/Frameworks/Foundation.framework; sourceTree = SDKROOT; };
		1D3623240D0F684500981E51 /* mainAppDelegate.h */ = {isa = PBXFileReference; fileEncoding = 4; lastKnownFileType = sourcecode.c.h; path = mainAppDelegate.h; sourceTree = "<group>"; };
		1D3623250D0F684500981E51 /* mainAppDelegate.m */ = {isa = PBXFileReference; fileEncoding = 4; lastKnownFileType = sourcecode.c.objc; path = mainAppDelegate.m; sourceTree = "<group>"; };
		1D6058910D05DD3D006BFB54 /* All-Seeing Eye.app */ = {isa = PBXFileReference; explicitFileType = wrapper.application; includeInIndex = 0; path = "All-Seeing Eye.app"; sourceTree = BUILT_PRODUCTS_DIR; };
		1DF5F4DF0D08C38300B7A737 /* UIKit.framework */ = {isa = PBXFileReference; lastKnownFileType = wrapper.framework; name = UIKit.framework; path = System/Library/Frameworks/UIKit.framework; sourceTree = SDKROOT; };
		288765FC0DF74451002DB57D /* CoreGraphics.framework */ = {isa = PBXFileReference; lastKnownFileType = wrapper.framework; name = CoreGraphics.framework; path = System/Library/Frameworks/CoreGraphics.framework; sourceTree = SDKROOT; };
		29B97316FDCFA39411CA2CEA /* main.m */ = {isa = PBXFileReference; fileEncoding = 4; lastKnownFileType = sourcecode.c.objc; path = main.m; sourceTree = "<group>"; };
		32CA4F630368D1EE00C91783 /* All_Seeing_Eye_Prefix.pch */ = {isa = PBXFileReference; fileEncoding = 4; lastKnownFileType = sourcecode.c.h; path = All_Seeing_Eye_Prefix.pch; sourceTree = "<group>"; };
		69862B191367B80A002E909B /* Decoder.h */ = {isa = PBXFileReference; fileEncoding = 4; lastKnownFileType = sourcecode.c.h; path = Decoder.h; sourceTree = "<group>"; };
		69862B1A1367B80A002E909B /* Exception.h */ = {isa = PBXFileReference; fileEncoding = 4; lastKnownFileType = sourcecode.c.h; path = Exception.h; sourceTree = "<group>"; };
		69862B1B1367B80A002E909B /* Image.h */ = {isa = PBXFileReference; fileEncoding = 4; lastKnownFileType = sourcecode.c.h; path = Image.h; sourceTree = "<group>"; };
		69862B1C1367B80A002E909B /* ImageScanner.h */ = {isa = PBXFileReference; fileEncoding = 4; lastKnownFileType = sourcecode.c.h; path = ImageScanner.h; sourceTree = "<group>"; };
		69862B1D1367B80A002E909B /* Processor.h */ = {isa = PBXFileReference; fileEncoding = 4; lastKnownFileType = sourcecode.c.h; path = Processor.h; sourceTree = "<group>"; };
		69862B1E1367B80A002E909B /* Scanner.h */ = {isa = PBXFileReference; fileEncoding = 4; lastKnownFileType = sourcecode.c.h; path = Scanner.h; sourceTree = "<group>"; };
		69862B1F1367B80A002E909B /* Symbol.h */ = {isa = PBXFileReference; fileEncoding = 4; lastKnownFileType = sourcecode.c.h; path = Symbol.h; sourceTree = "<group>"; };
		69862B201367B80A002E909B /* Video.h */ = {isa = PBXFileReference; fileEncoding = 4; lastKnownFileType = sourcecode.c.h; path = Video.h; sourceTree = "<group>"; };
		69862B211367B80A002E909B /* Window.h */ = {isa = PBXFileReference; fileEncoding = 4; lastKnownFileType = sourcecode.c.h; path = Window.h; sourceTree = "<group>"; };
		69862B221367B80A002E909B /* zbar.h */ = {isa = PBXFileReference; fileEncoding = 4; lastKnownFileType = sourcecode.c.h; path = zbar.h; sourceTree = "<group>"; };
		69862B231367B80A002E909B /* ZBarCaptureReader.h */ = {isa = PBXFileReference; fileEncoding = 4; lastKnownFileType = sourcecode.c.h; path = ZBarCaptureReader.h; sourceTree = "<group>"; };
		69862B241367B80A002E909B /* ZBarHelpController.h */ = {isa = PBXFileReference; fileEncoding = 4; lastKnownFileType = sourcecode.c.h; path = ZBarHelpController.h; sourceTree = "<group>"; };
		69862B251367B80A002E909B /* ZBarImage.h */ = {isa = PBXFileReference; fileEncoding = 4; lastKnownFileType = sourcecode.c.h; path = ZBarImage.h; sourceTree = "<group>"; };
		69862B261367B80A002E909B /* ZBarImageScanner.h */ = {isa = PBXFileReference; fileEncoding = 4; lastKnownFileType = sourcecode.c.h; path = ZBarImageScanner.h; sourceTree = "<group>"; };
		69862B271367B80A002E909B /* ZBarReaderController.h */ = {isa = PBXFileReference; fileEncoding = 4; lastKnownFileType = sourcecode.c.h; path = ZBarReaderController.h; sourceTree = "<group>"; };
		69862B281367B80A002E909B /* ZBarReaderView.h */ = {isa = PBXFileReference; fileEncoding = 4; lastKnownFileType = sourcecode.c.h; path = ZBarReaderView.h; sourceTree = "<group>"; };
		69862B291367B80A002E909B /* ZBarReaderViewController.h */ = {isa = PBXFileReference; fileEncoding = 4; lastKnownFileType = sourcecode.c.h; path = ZBarReaderViewController.h; sourceTree = "<group>"; };
		69862B2A1367B80A002E909B /* ZBarSDK.h */ = {isa = PBXFileReference; fileEncoding = 4; lastKnownFileType = sourcecode.c.h; path = ZBarSDK.h; sourceTree = "<group>"; };
		69862B2B1367B80A002E909B /* ZBarSymbol.h */ = {isa = PBXFileReference; fileEncoding = 4; lastKnownFileType = sourcecode.c.h; path = ZBarSymbol.h; sourceTree = "<group>"; };
		69862B2C1367B80A002E909B /* libzbar.a */ = {isa = PBXFileReference; lastKnownFileType = archive.ar; path = libzbar.a; sourceTree = "<group>"; };
		69862B461367B83A002E909B /* libiconv.dylib */ = {isa = PBXFileReference; lastKnownFileType = "compiled.mach-o.dylib"; name = libiconv.dylib; path = usr/lib/libiconv.dylib; sourceTree = SDKROOT; };
		69862B8113685F4C002E909B /* codeScanner.h */ = {isa = PBXFileReference; fileEncoding = 4; lastKnownFileType = sourcecode.c.h; path = codeScanner.h; sourceTree = "<group>"; };
		69862B8213685F4C002E909B /* codeScanner.m */ = {isa = PBXFileReference; fileEncoding = 4; lastKnownFileType = sourcecode.c.objc; path = codeScanner.m; sourceTree = "<group>"; };
		69980EBF138356D500CE90A9 /* userEntryVC.h */ = {isa = PBXFileReference; fileEncoding = 4; lastKnownFileType = sourcecode.c.h; path = userEntryVC.h; sourceTree = "<group>"; };
		69980EC0138356D500CE90A9 /* userEntryVC.m */ = {isa = PBXFileReference; fileEncoding = 4; lastKnownFileType = sourcecode.c.objc; path = userEntryVC.m; sourceTree = "<group>"; };
		69D73EA8136A2840004380D6 /* COPYING */ = {isa = PBXFileReference; fileEncoding = 4; lastKnownFileType = text; path = COPYING; sourceTree = "<group>"; };
		69D73EAA136A29AF004380D6 /* ATTRIBUTIONS */ = {isa = PBXFileReference; fileEncoding = 4; lastKnownFileType = text; path = ATTRIBUTIONS; sourceTree = "<group>"; };
		69D73EBA136A5741004380D6 /* Icon-72.png */ = {isa = PBXFileReference; lastKnownFileType = image.png; path = "Icon-72.png"; sourceTree = "<group>"; };
		69D73ED1136A6552004380D6 /* Database Schema.txt */ = {isa = PBXFileReference; fileEncoding = 4; lastKnownFileType = text; path = "Database Schema.txt"; sourceTree = "<group>"; };
		69D73EED136B065E004380D6 /* libsqlite3.dylib */ = {isa = PBXFileReference; lastKnownFileType = "compiled.mach-o.dylib"; name = libsqlite3.dylib; path = usr/lib/libsqlite3.dylib; sourceTree = SDKROOT; };
		69D73F95136B6F8D004380D6 /* databaseManager.h */ = {isa = PBXFileReference; fileEncoding = 4; lastKnownFileType = sourcecode.c.h; path = databaseManager.h; sourceTree = "<group>"; };
		69D73F96136B6F8D004380D6 /* databaseManager.m */ = {isa = PBXFileReference; fileEncoding = 4; lastKnownFileType = sourcecode.c.objc; path = databaseManager.m; sourceTree = "<group>"; };
		69D73FBF136B70CC004380D6 /* database.sql */ = {isa = PBXFileReference; lastKnownFileType = file; path = database.sql; sourceTree = "<group>"; };
		69D73FE3136BC8F9004380D6 /* TODO */ = {isa = PBXFileReference; fileEncoding = 4; lastKnownFileType = text; path = TODO; sourceTree = "<group>"; };
		69D73FE5136BCAAA004380D6 /* customerProtocol.h */ = {isa = PBXFileReference; fileEncoding = 4; lastKnownFileType = sourcecode.c.h; path = customerProtocol.h; sourceTree = "<group>"; };
		69D73FEF136BCE76004380D6 /* aitunesCustomer.h */ = {isa = PBXFileReference; fileEncoding = 4; lastKnownFileType = sourcecode.c.h; path = aitunesCustomer.h; sourceTree = "<group>"; };
		69D73FF0136BCE76004380D6 /* aitunesCustomer.m */ = {isa = PBXFileReference; fileEncoding = 4; lastKnownFileType = sourcecode.c.objc; path = aitunesCustomer.m; sourceTree = "<group>"; };
		69D9F3EE13802A7600FC3B3B /* userAdminVC.h */ = {isa = PBXFileReference; fileEncoding = 4; lastKnownFileType = sourcecode.c.h; path = userAdminVC.h; sourceTree = "<group>"; };
		69D9F3EF13802A7600FC3B3B /* userAdminVC.m */ = {isa = PBXFileReference; fileEncoding = 4; lastKnownFileType = sourcecode.c.objc; path = userAdminVC.m; sourceTree = "<group>"; };
		69E7A9B113635F480020A229 /* cameraView.h */ = {isa = PBXFileReference; fileEncoding = 4; lastKnownFileType = sourcecode.c.h; path = cameraView.h; sourceTree = "<group>"; };
		69E7A9B213635F480020A229 /* cameraView.m */ = {isa = PBXFileReference; fileEncoding = 4; indentWidth = 2; lastKnownFileType = sourcecode.c.objc; path = cameraView.m; sourceTree = "<group>"; tabWidth = 2; usesTabs = 0; };
		69E7A9B413635F610020A229 /* customerInfoView.h */ = {isa = PBXFileReference; fileEncoding = 4; lastKnownFileType = sourcecode.c.h; path = customerInfoView.h; sourceTree = "<group>"; };
		69E7A9B513635F610020A229 /* customerInfoView.m */ = {isa = PBXFileReference; fileEncoding = 4; lastKnownFileType = sourcecode.c.objc; path = customerInfoView.m; sourceTree = "<group>"; };
		69E7A9B713635F740020A229 /* mainViewController.h */ = {isa = PBXFileReference; fileEncoding = 4; lastKnownFileType = sourcecode.c.h; path = mainViewController.h; sourceTree = "<group>"; };
		69E7A9B813635F740020A229 /* mainViewController.m */ = {isa = PBXFileReference; fileEncoding = 4; lastKnownFileType = sourcecode.c.objc; path = mainViewController.m; sourceTree = "<group>"; };
		69E7AB551363A65D0020A229 /* Default-Portrait.png */ = {isa = PBXFileReference; lastKnownFileType = image.png; path = "Default-Portrait.png"; sourceTree = "<group>"; };
		69E7ABB71365C24E0020A229 /* AVFoundation.framework */ = {isa = PBXFileReference; lastKnownFileType = wrapper.framework; name = AVFoundation.framework; path = System/Library/Frameworks/AVFoundation.framework; sourceTree = SDKROOT; };
		69E7AC081365C5750020A229 /* CoreVideo.framework */ = {isa = PBXFileReference; lastKnownFileType = wrapper.framework; name = CoreVideo.framework; path = System/Library/Frameworks/CoreVideo.framework; sourceTree = SDKROOT; };
		69E7AC0C1365C5860020A229 /* CoreMedia.framework */ = {isa = PBXFileReference; lastKnownFileType = wrapper.framework; name = CoreMedia.framework; path = System/Library/Frameworks/CoreMedia.framework; sourceTree = SDKROOT; };
		69E7AC101365C59D0020A229 /* QuartzCore.framework */ = {isa = PBXFileReference; lastKnownFileType = wrapper.framework; name = QuartzCore.framework; path = System/Library/Frameworks/QuartzCore.framework; sourceTree = SDKROOT; };
		69E7AF80136789120020A229 /* frameOverlay.png */ = {isa = PBXFileReference; lastKnownFileType = image.png; path = frameOverlay.png; sourceTree = "<group>"; };
		69E7AFFE136793D50020A229 /* rootView.h */ = {isa = PBXFileReference; fileEncoding = 4; lastKnownFileType = sourcecode.c.h; path = rootView.h; sourceTree = "<group>"; };
		69E7AFFF136793D50020A229 /* rootView.m */ = {isa = PBXFileReference; fileEncoding = 4; lastKnownFileType = sourcecode.c.objc; path = rootView.m; sourceTree = "<group>"; };
		8D1107310486CEB800E47090 /* All_Seeing_Eye-Info.plist */ = {isa = PBXFileReference; fileEncoding = 4; lastKnownFileType = text.plist.xml; path = "All_Seeing_Eye-Info.plist"; plistStructureDefinitionIdentifier = "com.apple.xcode.plist.structure-definition.iphone.info-plist"; sourceTree = "<group>"; };
/* End PBXFileReference section */

/* Begin PBXFrameworksBuildPhase section */
		1D60588F0D05DD3D006BFB54 /* Frameworks */ = {
			isa = PBXFrameworksBuildPhase;
			buildActionMask = 2147483647;
			files = (
				1D60589F0D05DD5A006BFB54 /* Foundation.framework in Frameworks */,
				1DF5F4E00D08C38300B7A737 /* UIKit.framework in Frameworks */,
				288765FD0DF74451002DB57D /* CoreGraphics.framework in Frameworks */,
				69E7ABB81365C24E0020A229 /* AVFoundation.framework in Frameworks */,
				69E7AC091365C5750020A229 /* CoreVideo.framework in Frameworks */,
				69E7AC0D1365C5860020A229 /* CoreMedia.framework in Frameworks */,
				69E7AC111365C59D0020A229 /* QuartzCore.framework in Frameworks */,
				69862B321367B80A002E909B /* libzbar.a in Frameworks */,
				69862B471367B83A002E909B /* libiconv.dylib in Frameworks */,
				69D73EEE136B065E004380D6 /* libsqlite3.dylib in Frameworks */,
			);
			runOnlyForDeploymentPostprocessing = 0;
		};
/* End PBXFrameworksBuildPhase section */

/* Begin PBXGroup section */
		080E96DDFE201D6D7F000001 /* Classes */ = {
			isa = PBXGroup;
			children = (
				69D9F3F113802A7F00FC3B3B /* Administration */,
				1D3623240D0F684500981E51 /* mainAppDelegate.h */,
				1D3623250D0F684500981E51 /* mainAppDelegate.m */,
				69D73F95136B6F8D004380D6 /* databaseManager.h */,
				69D73F96136B6F8D004380D6 /* databaseManager.m */,
				69E7A9B113635F480020A229 /* cameraView.h */,
				69E7A9B213635F480020A229 /* cameraView.m */,
				69E7A9B413635F610020A229 /* customerInfoView.h */,
				69E7A9B513635F610020A229 /* customerInfoView.m */,
				69E7A9B713635F740020A229 /* mainViewController.h */,
				69E7A9B813635F740020A229 /* mainViewController.m */,
				69E7AFFE136793D50020A229 /* rootView.h */,
				69E7AFFF136793D50020A229 /* rootView.m */,
				69862B8113685F4C002E909B /* codeScanner.h */,
				69862B8213685F4C002E909B /* codeScanner.m */,
				69D73FE5136BCAAA004380D6 /* customerProtocol.h */,
				69D73FEF136BCE76004380D6 /* aitunesCustomer.h */,
				69D73FF0136BCE76004380D6 /* aitunesCustomer.m */,
			);
			path = Classes;
			sourceTree = "<group>";
		};
		19C28FACFE9D520D11CA2CBB /* Products */ = {
			isa = PBXGroup;
			children = (
				1D6058910D05DD3D006BFB54 /* All-Seeing Eye.app */,
			);
			name = Products;
			sourceTree = "<group>";
		};
		29B97314FDCFA39411CA2CEA /* CustomTemplate */ = {
			isa = PBXGroup;
			children = (
				69862B151367B80A002E909B /* ZBarSDK */,
				080E96DDFE201D6D7F000001 /* Classes */,
				29B97315FDCFA39411CA2CEA /* Other Sources */,
				29B97317FDCFA39411CA2CEA /* Resources */,
				29B97323FDCFA39411CA2CEA /* Frameworks */,
				19C28FACFE9D520D11CA2CBB /* Products */,
			);
			name = CustomTemplate;
			sourceTree = "<group>";
		};
		29B97315FDCFA39411CA2CEA /* Other Sources */ = {
			isa = PBXGroup;
			children = (
				32CA4F630368D1EE00C91783 /* All_Seeing_Eye_Prefix.pch */,
				29B97316FDCFA39411CA2CEA /* main.m */,
			);
			name = "Other Sources";
			sourceTree = "<group>";
		};
		29B97317FDCFA39411CA2CEA /* Resources */ = {
			isa = PBXGroup;
			children = (
				69D73FBF136B70CC004380D6 /* database.sql */,
				69D73EBA136A5741004380D6 /* Icon-72.png */,
				69D73EA8136A2840004380D6 /* COPYING */,
				69E7AF80136789120020A229 /* frameOverlay.png */,
				69E7AB551363A65D0020A229 /* Default-Portrait.png */,
				8D1107310486CEB800E47090 /* All_Seeing_Eye-Info.plist */,
				69D73EAA136A29AF004380D6 /* ATTRIBUTIONS */,
				69D73ED1136A6552004380D6 /* Database Schema.txt */,
				69D73FE3136BC8F9004380D6 /* TODO */,
			);
			name = Resources;
			sourceTree = "<group>";
		};
		29B97323FDCFA39411CA2CEA /* Frameworks */ = {
			isa = PBXGroup;
			children = (
				1DF5F4DF0D08C38300B7A737 /* UIKit.framework */,
				1D30AB110D05D00D00671497 /* Foundation.framework */,
				288765FC0DF74451002DB57D /* CoreGraphics.framework */,
				69E7ABB71365C24E0020A229 /* AVFoundation.framework */,
				69E7AC081365C5750020A229 /* CoreVideo.framework */,
				69E7AC0C1365C5860020A229 /* CoreMedia.framework */,
				69E7AC101365C59D0020A229 /* QuartzCore.framework */,
				69862B461367B83A002E909B /* libiconv.dylib */,
				69D73EED136B065E004380D6 /* libsqlite3.dylib */,
			);
			name = Frameworks;
			sourceTree = "<group>";
		};
		69862B151367B80A002E909B /* ZBarSDK */ = {
			isa = PBXGroup;
			children = (
				69862B161367B80A002E909B /* Headers */,
				69862B2C1367B80A002E909B /* libzbar.a */,
			);
			path = ZBarSDK;
			sourceTree = "<group>";
		};
		69862B161367B80A002E909B /* Headers */ = {
			isa = PBXGroup;
			children = (
				69862B171367B80A002E909B /* ZBarSDK */,
			);
			path = Headers;
			sourceTree = "<group>";
		};
		69862B171367B80A002E909B /* ZBarSDK */ = {
			isa = PBXGroup;
			children = (
				69862B181367B80A002E909B /* zbar */,
				69862B221367B80A002E909B /* zbar.h */,
				69862B231367B80A002E909B /* ZBarCaptureReader.h */,
				69862B241367B80A002E909B /* ZBarHelpController.h */,
				69862B251367B80A002E909B /* ZBarImage.h */,
				69862B261367B80A002E909B /* ZBarImageScanner.h */,
				69862B271367B80A002E909B /* ZBarReaderController.h */,
				69862B281367B80A002E909B /* ZBarReaderView.h */,
				69862B291367B80A002E909B /* ZBarReaderViewController.h */,
				69862B2A1367B80A002E909B /* ZBarSDK.h */,
				69862B2B1367B80A002E909B /* ZBarSymbol.h */,
			);
			path = ZBarSDK;
			sourceTree = "<group>";
		};
		69862B181367B80A002E909B /* zbar */ = {
			isa = PBXGroup;
			children = (
				69862B191367B80A002E909B /* Decoder.h */,
				69862B1A1367B80A002E909B /* Exception.h */,
				69862B1B1367B80A002E909B /* Image.h */,
				69862B1C1367B80A002E909B /* ImageScanner.h */,
				69862B1D1367B80A002E909B /* Processor.h */,
				69862B1E1367B80A002E909B /* Scanner.h */,
				69862B1F1367B80A002E909B /* Symbol.h */,
				69862B201367B80A002E909B /* Video.h */,
				69862B211367B80A002E909B /* Window.h */,
			);
			path = zbar;
			sourceTree = "<group>";
		};
		69D9F3F113802A7F00FC3B3B /* Administration */ = {
			isa = PBXGroup;
			children = (
				69D9F3EE13802A7600FC3B3B /* userAdminVC.h */,
				69D9F3EF13802A7600FC3B3B /* userAdminVC.m */,
				69980EBF138356D500CE90A9 /* userEntryVC.h */,
				69980EC0138356D500CE90A9 /* userEntryVC.m */,
			);
			name = Administration;
			sourceTree = "<group>";
		};
/* End PBXGroup section */

/* Begin PBXNativeTarget section */
		1D6058900D05DD3D006BFB54 /* All-Seeing Eye */ = {
			isa = PBXNativeTarget;
			buildConfigurationList = 1D6058960D05DD3E006BFB54 /* Build configuration list for PBXNativeTarget "All-Seeing Eye" */;
			buildPhases = (
				1D60588D0D05DD3D006BFB54 /* Resources */,
				1D60588E0D05DD3D006BFB54 /* Sources */,
				1D60588F0D05DD3D006BFB54 /* Frameworks */,
			);
			buildRules = (
			);
			dependencies = (
			);
			name = "All-Seeing Eye";
			productName = "All-Seeing Eye";
			productReference = 1D6058910D05DD3D006BFB54 /* All-Seeing Eye.app */;
			productType = "com.apple.product-type.application";
		};
/* End PBXNativeTarget section */

/* Begin PBXProject section */
		29B97313FDCFA39411CA2CEA /* Project object */ = {
			isa = PBXProject;
			buildConfigurationList = C01FCF4E08A954540054247B /* Build configuration list for PBXProject "All-Seeing Eye" */;
			compatibilityVersion = "Xcode 3.2";
			developmentRegion = English;
			hasScannedForEncodings = 1;
			knownRegions = (
				English,
				Japanese,
				French,
				German,
			);
			mainGroup = 29B97314FDCFA39411CA2CEA /* CustomTemplate */;
			projectDirPath = "";
			projectRoot = "";
			targets = (
				1D6058900D05DD3D006BFB54 /* All-Seeing Eye */,
			);
		};
/* End PBXProject section */

/* Begin PBXResourcesBuildPhase section */
		1D60588D0D05DD3D006BFB54 /* Resources */ = {
			isa = PBXResourcesBuildPhase;
			buildActionMask = 2147483647;
			files = (
				69E7AB561363A65D0020A229 /* Default-Portrait.png in Resources */,
				69E7AF81136789120020A229 /* frameOverlay.png in Resources */,
				69D73EA9136A2840004380D6 /* COPYING in Resources */,
				69D73EAB136A29AF004380D6 /* ATTRIBUTIONS in Resources */,
				69D73EBB136A5741004380D6 /* Icon-72.png in Resources */,
				69D73ED2136A6552004380D6 /* Database Schema.txt in Resources */,
				69D73FC0136B70CC004380D6 /* database.sql in Resources */,
				69D73FE4136BC8F9004380D6 /* TODO in Resources */,
			);
			runOnlyForDeploymentPostprocessing = 0;
		};
/* End PBXResourcesBuildPhase section */

/* Begin PBXSourcesBuildPhase section */
		1D60588E0D05DD3D006BFB54 /* Sources */ = {
			isa = PBXSourcesBuildPhase;
			buildActionMask = 2147483647;
			files = (
				1D60589B0D05DD56006BFB54 /* main.m in Sources */,
				1D3623260D0F684500981E51 /* mainAppDelegate.m in Sources */,
				69E7A9B313635F480020A229 /* cameraView.m in Sources */,
				69E7A9B613635F610020A229 /* customerInfoView.m in Sources */,
				69E7A9B913635F740020A229 /* mainViewController.m in Sources */,
				69E7B000136793D50020A229 /* rootView.m in Sources */,
				69862B8313685F4C002E909B /* codeScanner.m in Sources */,
				69D73F97136B6F8D004380D6 /* databaseManager.m in Sources */,
				69D73FF1136BCE76004380D6 /* aitunesCustomer.m in Sources */,
				69D9F3F013802A7600FC3B3B /* userAdminVC.m in Sources */,
				69980EC1138356D500CE90A9 /* userEntryVC.m in Sources */,
			);
			runOnlyForDeploymentPostprocessing = 0;
		};
/* End PBXSourcesBuildPhase section */

/* Begin XCBuildConfiguration section */
		1D6058940D05DD3E006BFB54 /* Debug */ = {
			isa = XCBuildConfiguration;
			buildSettings = {
				ALWAYS_SEARCH_USER_PATHS = NO;
				COPY_PHASE_STRIP = NO;
				GCC_DYNAMIC_NO_PIC = NO;
				GCC_OPTIMIZATION_LEVEL = 0;
				GCC_PRECOMPILE_PREFIX_HEADER = YES;
				GCC_PREFIX_HEADER = All_Seeing_Eye_Prefix.pch;
				INFOPLIST_FILE = "All_Seeing_Eye-Info.plist";
				LIBRARY_SEARCH_PATHS = (
					"$(inherited)",
					"\"$(SRCROOT)/ZBarSDK\"",
				);
				PRODUCT_NAME = "All-Seeing Eye";
			};
			name = Debug;
		};
		1D6058950D05DD3E006BFB54 /* Release */ = {
			isa = XCBuildConfiguration;
			buildSettings = {
				ALWAYS_SEARCH_USER_PATHS = NO;
				COPY_PHASE_STRIP = YES;
				GCC_PRECOMPILE_PREFIX_HEADER = YES;
				GCC_PREFIX_HEADER = All_Seeing_Eye_Prefix.pch;
				INFOPLIST_FILE = "All_Seeing_Eye-Info.plist";
				LIBRARY_SEARCH_PATHS = (
					"$(inherited)",
					"\"$(SRCROOT)/ZBarSDK\"",
				);
				PRODUCT_NAME = "All-Seeing Eye";
				VALIDATE_PRODUCT = YES;
			};
			name = Release;
		};
		C01FCF4F08A954540054247B /* Debug */ = {
			isa = XCBuildConfiguration;
			buildSettings = {
				ARCHS = "$(ARCHS_STANDARD_32_BIT)";
				"CODE_SIGN_IDENTITY[sdk=iphoneos*]" = "iPhone Developer";
				GCC_C_LANGUAGE_STANDARD = c99;
				GCC_WARN_ABOUT_RETURN_TYPE = YES;
				GCC_WARN_UNUSED_VARIABLE = YES;
				PREBINDING = NO;
				SDKROOT = iphoneos;
				TARGETED_DEVICE_FAMILY = "1,2";
			};
			name = Debug;
		};
		C01FCF5008A954540054247B /* Release */ = {
			isa = XCBuildConfiguration;
			buildSettings = {
				ARCHS = "$(ARCHS_UNIVERSAL_IPHONE_OS)";
				"CODE_SIGN_IDENTITY[sdk=iphoneos*]" = "iPhone Developer";
				GCC_C_LANGUAGE_STANDARD = c99;
				GCC_WARN_ABOUT_RETURN_TYPE = YES;
				GCC_WARN_UNUSED_VARIABLE = YES;
				OTHER_CFLAGS = "-DNS_BLOCK_ASSERTIONS=1";
				PREBINDING = NO;
				SDKROOT = iphoneos;
				TARGETED_DEVICE_FAMILY = 2;
			};
			name = Release;
		};
/* End XCBuildConfiguration section */

/* Begin XCConfigurationList section */
		1D6058960D05DD3E006BFB54 /* Build configuration list for PBXNativeTarget "All-Seeing Eye" */ = {
			isa = XCConfigurationList;
			buildConfigurations = (
				1D6058940D05DD3E006BFB54 /* Debug */,
				1D6058950D05DD3E006BFB54 /* Release */,
			);
			defaultConfigurationIsVisible = 0;
			defaultConfigurationName = Release;
		};
		C01FCF4E08A954540054247B /* Build configuration list for PBXProject "All-Seeing Eye" */ = {
			isa = XCConfigurationList;
			buildConfigurations = (
				C01FCF4F08A954540054247B /* Debug */,
				C01FCF5008A954540054247B /* Release */,
			);
			defaultConfigurationIsVisible = 0;
			defaultConfigurationName = Release;
		};
/* End XCConfigurationList section */
	};
	rootObject = 29B97313FDCFA39411CA2CEA /* Project object */;
}
