// !$*UTF8*$!
{
	archiveVersion = 1;
	classes = {
	};
	objectVersion = 46;
	objects = {

/* Begin PBXBuildFile section */
		1D3623260D0F684500981E51 /* mainAppDelegate.m in Sources */ = {isa = PBXBuildFile; fileRef = 1D3623250D0F684500981E51 /* mainAppDelegate.m */; };
		1D60589B0D05DD56006BFB54 /* main.m in Sources */ = {isa = PBXBuildFile; fileRef = 29B97316FDCFA39411CA2CEA /* main.m */; };
		1D60589F0D05DD5A006BFB54 /* Foundation.framework in Frameworks */ = {isa = PBXBuildFile; fileRef = 1D30AB110D05D00D00671497 /* Foundation.framework */; };
		1DF5F4E00D08C38300B7A737 /* UIKit.framework in Frameworks */ = {isa = PBXBuildFile; fileRef = 1DF5F4DF0D08C38300B7A737 /* UIKit.framework */; };
		288765FD0DF74451002DB57D /* CoreGraphics.framework in Frameworks */ = {isa = PBXBuildFile; fileRef = 288765FC0DF74451002DB57D /* CoreGraphics.framework */; };
		693DB6E213A3BE3500DA9DE1 /* numberInputVC.m in Sources */ = {isa = PBXBuildFile; fileRef = 693DB6E113A3BE3500DA9DE1 /* numberInputVC.m */; };
		693DB74F13A3D0E100DA9DE1 /* phoneInputVC.m in Sources */ = {isa = PBXBuildFile; fileRef = 693DB74E13A3D0E100DA9DE1 /* phoneInputVC.m */; };
		693DB77713A4095800DA9DE1 /* dateInputVC.m in Sources */ = {isa = PBXBuildFile; fileRef = 693DB77613A4095800DA9DE1 /* dateInputVC.m */; };
		693DB96F13C6087A00DA9DE1 /* dropboxSync.m in Sources */ = {isa = PBXBuildFile; fileRef = 693DB96E13C6087A00DA9DE1 /* dropboxSync.m */; };
		693DBA1D13C6385300DA9DE1 /* Security.framework in Frameworks */ = {isa = PBXBuildFile; fileRef = 693DBA1C13C6385300DA9DE1 /* Security.framework */; };
		694CEB6D13F45BF1001CA3FA /* DBAccountInfo.m in Sources */ = {isa = PBXBuildFile; fileRef = 694CEB1713F45BF1001CA3FA /* DBAccountInfo.m */; };
		694CEB6E13F45BF1001CA3FA /* DBCreateAccountController.m in Sources */ = {isa = PBXBuildFile; fileRef = 694CEB1913F45BF1001CA3FA /* DBCreateAccountController.m */; };
		694CEB6F13F45BF1001CA3FA /* DBError.m in Sources */ = {isa = PBXBuildFile; fileRef = 694CEB1B13F45BF1001CA3FA /* DBError.m */; };
		694CEB7013F45BF1001CA3FA /* DBLoadingView.m in Sources */ = {isa = PBXBuildFile; fileRef = 694CEB1D13F45BF1001CA3FA /* DBLoadingView.m */; };
		694CEB7113F45BF1001CA3FA /* DBLoginController.m in Sources */ = {isa = PBXBuildFile; fileRef = 694CEB1F13F45BF1001CA3FA /* DBLoginController.m */; };
		694CEB7213F45BF1001CA3FA /* DBMetadata.m in Sources */ = {isa = PBXBuildFile; fileRef = 694CEB2113F45BF1001CA3FA /* DBMetadata.m */; };
		694CEB7313F45BF1001CA3FA /* DBQuota.m in Sources */ = {isa = PBXBuildFile; fileRef = 694CEB2313F45BF1001CA3FA /* DBQuota.m */; };
		694CEB7413F45BF1001CA3FA /* DBRequest.m in Sources */ = {isa = PBXBuildFile; fileRef = 694CEB2513F45BF1001CA3FA /* DBRequest.m */; };
		694CEB7513F45BF1001CA3FA /* DBRestClient.m in Sources */ = {isa = PBXBuildFile; fileRef = 694CEB2713F45BF1001CA3FA /* DBRestClient.m */; };
		694CEB7613F45BF1001CA3FA /* DBSession.m in Sources */ = {isa = PBXBuildFile; fileRef = 694CEB2913F45BF1001CA3FA /* DBSession.m */; };
		694CEB7713F45BF1001CA3FA /* NSObject+SBJSON.m in Sources */ = {isa = PBXBuildFile; fileRef = 694CEB2E13F45BF1001CA3FA /* NSObject+SBJSON.m */; };
		694CEB7813F45BF1001CA3FA /* NSString+SBJSON.m in Sources */ = {isa = PBXBuildFile; fileRef = 694CEB3013F45BF1001CA3FA /* NSString+SBJSON.m */; };
		694CEB7913F45BF1001CA3FA /* SBJSON.m in Sources */ = {isa = PBXBuildFile; fileRef = 694CEB3213F45BF1001CA3FA /* SBJSON.m */; };
		694CEB7A13F45BF1001CA3FA /* SBJsonBase.m in Sources */ = {isa = PBXBuildFile; fileRef = 694CEB3413F45BF1001CA3FA /* SBJsonBase.m */; };
		694CEB7B13F45BF1001CA3FA /* SBJsonParser.m in Sources */ = {isa = PBXBuildFile; fileRef = 694CEB3613F45BF1001CA3FA /* SBJsonParser.m */; };
		694CEB7C13F45BF1001CA3FA /* SBJsonWriter.m in Sources */ = {isa = PBXBuildFile; fileRef = 694CEB3813F45BF1001CA3FA /* SBJsonWriter.m */; };
		694CEB7D13F45BF1001CA3FA /* LICENSE in Resources */ = {isa = PBXBuildFile; fileRef = 694CEB3913F45BF1001CA3FA /* LICENSE */; };
		694CEB7E13F45BF1001CA3FA /* Base64Transcoder.c in Sources */ = {isa = PBXBuildFile; fileRef = 694CEB3C13F45BF1001CA3FA /* Base64Transcoder.c */; };
		694CEB7F13F45BF1001CA3FA /* MPOAuthAPI.m in Sources */ = {isa = PBXBuildFile; fileRef = 694CEB4113F45BF1001CA3FA /* MPOAuthAPI.m */; };
		694CEB8013F45BF1001CA3FA /* MPOAuthAPIRequestLoader.m in Sources */ = {isa = PBXBuildFile; fileRef = 694CEB4313F45BF1001CA3FA /* MPOAuthAPIRequestLoader.m */; };
		694CEB8113F45BF1001CA3FA /* MPOAuthAuthenticationMethod.m in Sources */ = {isa = PBXBuildFile; fileRef = 694CEB4513F45BF1001CA3FA /* MPOAuthAuthenticationMethod.m */; };
		694CEB8213F45BF1001CA3FA /* MPOAuthAuthenticationMethodOAuth.m in Sources */ = {isa = PBXBuildFile; fileRef = 694CEB4713F45BF1001CA3FA /* MPOAuthAuthenticationMethodOAuth.m */; };
		694CEB8313F45BF1001CA3FA /* MPOAuthConnection.m in Sources */ = {isa = PBXBuildFile; fileRef = 694CEB4913F45BF1001CA3FA /* MPOAuthConnection.m */; };
		694CEB8413F45BF1001CA3FA /* MPOAuthCredentiaIConcreteStore+KeychainAdditionsMac.m in Sources */ = {isa = PBXBuildFile; fileRef = 694CEB4A13F45BF1001CA3FA /* MPOAuthCredentiaIConcreteStore+KeychainAdditionsMac.m */; };
		694CEB8513F45BF1001CA3FA /* MPOAuthCredentialConcreteStore+KeychainAdditionsiPhone.m in Sources */ = {isa = PBXBuildFile; fileRef = 694CEB4C13F45BF1001CA3FA /* MPOAuthCredentialConcreteStore+KeychainAdditionsiPhone.m */; };
		694CEB8613F45BF1001CA3FA /* MPOAuthCredentialConcreteStore.m in Sources */ = {isa = PBXBuildFile; fileRef = 694CEB4E13F45BF1001CA3FA /* MPOAuthCredentialConcreteStore.m */; };
		694CEB8713F45BF1001CA3FA /* MPOAuthSignatureParameter.m in Sources */ = {isa = PBXBuildFile; fileRef = 694CEB5213F45BF1001CA3FA /* MPOAuthSignatureParameter.m */; };
		694CEB8813F45BF1001CA3FA /* MPOAuthURLRequest.m in Sources */ = {isa = PBXBuildFile; fileRef = 694CEB5413F45BF1001CA3FA /* MPOAuthURLRequest.m */; };
		694CEB8913F45BF1001CA3FA /* MPOAuthURLResponse.m in Sources */ = {isa = PBXBuildFile; fileRef = 694CEB5613F45BF1001CA3FA /* MPOAuthURLResponse.m */; };
		694CEB8A13F45BF1001CA3FA /* MPURLRequestParameter.m in Sources */ = {isa = PBXBuildFile; fileRef = 694CEB5813F45BF1001CA3FA /* MPURLRequestParameter.m */; };
		694CEB8B13F45BF1001CA3FA /* NSString+URLEscapingAdditions.m in Sources */ = {isa = PBXBuildFile; fileRef = 694CEB5A13F45BF1001CA3FA /* NSString+URLEscapingAdditions.m */; };
		694CEB8C13F45BF1001CA3FA /* NSURL+MPURLParameterAdditions.m in Sources */ = {isa = PBXBuildFile; fileRef = 694CEB5C13F45BF1001CA3FA /* NSURL+MPURLParameterAdditions.m */; };
		694CEB8D13F45BF1001CA3FA /* NSURLResponse+Encoding.m in Sources */ = {isa = PBXBuildFile; fileRef = 694CEB5E13F45BF1001CA3FA /* NSURLResponse+Encoding.m */; };
		694CEB8E13F45BF1001CA3FA /* NSString+Dropbox.m in Sources */ = {isa = PBXBuildFile; fileRef = 694CEB6013F45BF1001CA3FA /* NSString+Dropbox.m */; };
		694CEB8F13F45BF1001CA3FA /* db_background.png in Resources */ = {isa = PBXBuildFile; fileRef = 694CEB6213F45BF1001CA3FA /* db_background.png */; };
		694CEB9013F45BF1001CA3FA /* db_create_account.png in Resources */ = {isa = PBXBuildFile; fileRef = 694CEB6313F45BF1001CA3FA /* db_create_account.png */; };
		694CEB9113F45BF1001CA3FA /* db_create_account@2x.png in Resources */ = {isa = PBXBuildFile; fileRef = 694CEB6413F45BF1001CA3FA /* db_create_account@2x.png */; };
		694CEB9213F45BF1001CA3FA /* db_create_account_button.png in Resources */ = {isa = PBXBuildFile; fileRef = 694CEB6513F45BF1001CA3FA /* db_create_account_button.png */; };
		694CEB9313F45BF1001CA3FA /* db_create_account_button_down.png in Resources */ = {isa = PBXBuildFile; fileRef = 694CEB6613F45BF1001CA3FA /* db_create_account_button_down.png */; };
		694CEB9413F45BF1001CA3FA /* db_link_button.png in Resources */ = {isa = PBXBuildFile; fileRef = 694CEB6713F45BF1001CA3FA /* db_link_button.png */; };
		694CEB9513F45BF1001CA3FA /* db_link_button_down.png in Resources */ = {isa = PBXBuildFile; fileRef = 694CEB6813F45BF1001CA3FA /* db_link_button_down.png */; };
		694CEB9613F45BF1001CA3FA /* db_link_header.png in Resources */ = {isa = PBXBuildFile; fileRef = 694CEB6913F45BF1001CA3FA /* db_link_header.png */; };
		694CEB9713F45BF1001CA3FA /* db_link_header@2x.png in Resources */ = {isa = PBXBuildFile; fileRef = 694CEB6A13F45BF1001CA3FA /* db_link_header@2x.png */; };
		694CEB9813F45BF1001CA3FA /* db_logo.png in Resources */ = {isa = PBXBuildFile; fileRef = 694CEB6B13F45BF1001CA3FA /* db_logo.png */; };
		694CEB9913F45BF1001CA3FA /* db_logo@2x.png in Resources */ = {isa = PBXBuildFile; fileRef = 694CEB6C13F45BF1001CA3FA /* db_logo@2x.png */; };
		694CEC0213F46DB5001CA3FA /* ChangeLog in Resources */ = {isa = PBXBuildFile; fileRef = 694CEC0113F46DB5001CA3FA /* ChangeLog */; };
		69669C8213F96E630074F878 /* stubCustomer.m in Sources */ = {isa = PBXBuildFile; fileRef = 69669C8113F96E630074F878 /* stubCustomer.m */; };
		697DA37913F4570A0049BB76 /* ZBarSDK in Resources */ = {isa = PBXBuildFile; fileRef = 697DA35313F4570A0049BB76 /* ZBarSDK */; };
		697DA41313F459370049BB76 /* libzbar.a in Frameworks */ = {isa = PBXBuildFile; fileRef = 697DA41213F459370049BB76 /* libzbar.a */; };
		69862B471367B83A002E909B /* libiconv.dylib in Frameworks */ = {isa = PBXBuildFile; fileRef = 69862B461367B83A002E909B /* libiconv.dylib */; };
		69862B8313685F4C002E909B /* codeScanner.m in Sources */ = {isa = PBXBuildFile; fileRef = 69862B8213685F4C002E909B /* codeScanner.m */; };
		69980EC1138356D500CE90A9 /* userEntryVC.m in Sources */ = {isa = PBXBuildFile; fileRef = 69980EC0138356D500CE90A9 /* userEntryVC.m */; };
		699810091384D7B300CE90A9 /* README in Resources */ = {isa = PBXBuildFile; fileRef = 699810081384D7B300CE90A9 /* README */; };
		699810101388859900CE90A9 /* textFieldInputVC.m in Sources */ = {isa = PBXBuildFile; fileRef = 6998100F1388859900CE90A9 /* textFieldInputVC.m */; };
		69B7071413E65B6D002D42BD /* Icon-Small.png in Resources */ = {isa = PBXBuildFile; fileRef = 69B7070F13E65B6D002D42BD /* Icon-Small.png */; };
		69B7071513E65B6D002D42BD /* Icon-Small-50.png in Resources */ = {isa = PBXBuildFile; fileRef = 69B7071013E65B6D002D42BD /* Icon-Small-50.png */; };
		69B7071613E65B6D002D42BD /* Icon-Small@2x.png in Resources */ = {isa = PBXBuildFile; fileRef = 69B7071113E65B6D002D42BD /* Icon-Small@2x.png */; };
		69B7071713E65B6D002D42BD /* Icon@2x.png in Resources */ = {isa = PBXBuildFile; fileRef = 69B7071213E65B6D002D42BD /* Icon@2x.png */; };
		69B7071813E65B6D002D42BD /* iTunesArtwork.png in Resources */ = {isa = PBXBuildFile; fileRef = 69B7071313E65B6D002D42BD /* iTunesArtwork.png */; };
		69B7071A13E65B75002D42BD /* Icon.png in Resources */ = {isa = PBXBuildFile; fileRef = 69B7071913E65B75002D42BD /* Icon.png */; };
		69B7071D13E65B83002D42BD /* Default.png in Resources */ = {isa = PBXBuildFile; fileRef = 69B7071B13E65B83002D42BD /* Default.png */; };
		69B7071E13E65B83002D42BD /* Default@2x.png in Resources */ = {isa = PBXBuildFile; fileRef = 69B7071C13E65B83002D42BD /* Default@2x.png */; };
		69D73EA9136A2840004380D6 /* COPYING in Resources */ = {isa = PBXBuildFile; fileRef = 69D73EA8136A2840004380D6 /* COPYING */; };
		69D73EAB136A29AF004380D6 /* ATTRIBUTIONS in Resources */ = {isa = PBXBuildFile; fileRef = 69D73EAA136A29AF004380D6 /* ATTRIBUTIONS */; };
		69D73EBB136A5741004380D6 /* Icon-72.png in Resources */ = {isa = PBXBuildFile; fileRef = 69D73EBA136A5741004380D6 /* Icon-72.png */; };
		69D73ED2136A6552004380D6 /* Database Schema.txt in Resources */ = {isa = PBXBuildFile; fileRef = 69D73ED1136A6552004380D6 /* Database Schema.txt */; };
		69D73EEE136B065E004380D6 /* libsqlite3.dylib in Frameworks */ = {isa = PBXBuildFile; fileRef = 69D73EED136B065E004380D6 /* libsqlite3.dylib */; };
		69D73F97136B6F8D004380D6 /* databaseManager.m in Sources */ = {isa = PBXBuildFile; fileRef = 69D73F96136B6F8D004380D6 /* databaseManager.m */; };
		69D73FC0136B70CC004380D6 /* database.sql in Resources */ = {isa = PBXBuildFile; fileRef = 69D73FBF136B70CC004380D6 /* database.sql */; };
		69D73FF1136BCE76004380D6 /* aitunesCustomer.m in Sources */ = {isa = PBXBuildFile; fileRef = 69D73FF0136BCE76004380D6 /* aitunesCustomer.m */; };
		69D9F3F013802A7600FC3B3B /* userAdminVC.m in Sources */ = {isa = PBXBuildFile; fileRef = 69D9F3EF13802A7600FC3B3B /* userAdminVC.m */; };
		69E7A9B313635F480020A229 /* cameraView.m in Sources */ = {isa = PBXBuildFile; fileRef = 69E7A9B213635F480020A229 /* cameraView.m */; };
		69E7A9B613635F610020A229 /* customerInfoView.m in Sources */ = {isa = PBXBuildFile; fileRef = 69E7A9B513635F610020A229 /* customerInfoView.m */; };
		69E7A9B913635F740020A229 /* mainViewController.m in Sources */ = {isa = PBXBuildFile; fileRef = 69E7A9B813635F740020A229 /* mainViewController.m */; };
		69E7AB561363A65D0020A229 /* Default-Portrait.png in Resources */ = {isa = PBXBuildFile; fileRef = 69E7AB551363A65D0020A229 /* Default-Portrait.png */; };
		69E7ABB81365C24E0020A229 /* AVFoundation.framework in Frameworks */ = {isa = PBXBuildFile; fileRef = 69E7ABB71365C24E0020A229 /* AVFoundation.framework */; };
		69E7AC091365C5750020A229 /* CoreVideo.framework in Frameworks */ = {isa = PBXBuildFile; fileRef = 69E7AC081365C5750020A229 /* CoreVideo.framework */; };
		69E7AC0D1365C5860020A229 /* CoreMedia.framework in Frameworks */ = {isa = PBXBuildFile; fileRef = 69E7AC0C1365C5860020A229 /* CoreMedia.framework */; };
		69E7AC111365C59D0020A229 /* QuartzCore.framework in Frameworks */ = {isa = PBXBuildFile; fileRef = 69E7AC101365C59D0020A229 /* QuartzCore.framework */; };
		69E7AF81136789120020A229 /* frameOverlay.png in Resources */ = {isa = PBXBuildFile; fileRef = 69E7AF80136789120020A229 /* frameOverlay.png */; };
		69E7B000136793D50020A229 /* rootView.m in Sources */ = {isa = PBXBuildFile; fileRef = 69E7AFFF136793D50020A229 /* rootView.m */; };
/* End PBXBuildFile section */

/* Begin PBXFileReference section */
		1D30AB110D05D00D00671497 /* Foundation.framework */ = {isa = PBXFileReference; lastKnownFileType = wrapper.framework; name = Foundation.framework; path = System/Library/Frameworks/Foundation.framework; sourceTree = SDKROOT; };
		1D3623240D0F684500981E51 /* mainAppDelegate.h */ = {isa = PBXFileReference; fileEncoding = 4; lastKnownFileType = sourcecode.c.h; path = mainAppDelegate.h; sourceTree = "<group>"; };
		1D3623250D0F684500981E51 /* mainAppDelegate.m */ = {isa = PBXFileReference; fileEncoding = 4; lastKnownFileType = sourcecode.c.objc; path = mainAppDelegate.m; sourceTree = "<group>"; };
		1D6058910D05DD3D006BFB54 /* All-Seeing Eye.app */ = {isa = PBXFileReference; explicitFileType = wrapper.application; includeInIndex = 0; path = "All-Seeing Eye.app"; sourceTree = BUILT_PRODUCTS_DIR; };
		1DF5F4DF0D08C38300B7A737 /* UIKit.framework */ = {isa = PBXFileReference; lastKnownFileType = wrapper.framework; name = UIKit.framework; path = System/Library/Frameworks/UIKit.framework; sourceTree = SDKROOT; };
		288765FC0DF74451002DB57D /* CoreGraphics.framework */ = {isa = PBXFileReference; lastKnownFileType = wrapper.framework; name = CoreGraphics.framework; path = System/Library/Frameworks/CoreGraphics.framework; sourceTree = SDKROOT; };
		29B97316FDCFA39411CA2CEA /* main.m */ = {isa = PBXFileReference; fileEncoding = 4; lastKnownFileType = sourcecode.c.objc; path = main.m; sourceTree = "<group>"; };
		32CA4F630368D1EE00C91783 /* All_Seeing_Eye_Prefix.pch */ = {isa = PBXFileReference; fileEncoding = 4; lastKnownFileType = sourcecode.c.h; path = All_Seeing_Eye_Prefix.pch; sourceTree = "<group>"; };
		693DB6E013A3BE3500DA9DE1 /* numberInputVC.h */ = {isa = PBXFileReference; fileEncoding = 4; lastKnownFileType = sourcecode.c.h; path = numberInputVC.h; sourceTree = "<group>"; };
		693DB6E113A3BE3500DA9DE1 /* numberInputVC.m */ = {isa = PBXFileReference; fileEncoding = 4; lastKnownFileType = sourcecode.c.objc; path = numberInputVC.m; sourceTree = "<group>"; };
		693DB74D13A3D0E100DA9DE1 /* phoneInputVC.h */ = {isa = PBXFileReference; fileEncoding = 4; lastKnownFileType = sourcecode.c.h; path = phoneInputVC.h; sourceTree = "<group>"; };
		693DB74E13A3D0E100DA9DE1 /* phoneInputVC.m */ = {isa = PBXFileReference; fileEncoding = 4; lastKnownFileType = sourcecode.c.objc; path = phoneInputVC.m; sourceTree = "<group>"; };
		693DB77513A4095800DA9DE1 /* dateInputVC.h */ = {isa = PBXFileReference; fileEncoding = 4; lastKnownFileType = sourcecode.c.h; path = dateInputVC.h; sourceTree = "<group>"; };
		693DB77613A4095800DA9DE1 /* dateInputVC.m */ = {isa = PBXFileReference; fileEncoding = 4; lastKnownFileType = sourcecode.c.objc; path = dateInputVC.m; sourceTree = "<group>"; };
		693DB96D13C6087A00DA9DE1 /* dropboxSync.h */ = {isa = PBXFileReference; fileEncoding = 4; lastKnownFileType = sourcecode.c.h; path = dropboxSync.h; sourceTree = "<group>"; };
		693DB96E13C6087A00DA9DE1 /* dropboxSync.m */ = {isa = PBXFileReference; fileEncoding = 4; lastKnownFileType = sourcecode.c.objc; path = dropboxSync.m; sourceTree = "<group>"; };
		693DBA1C13C6385300DA9DE1 /* Security.framework */ = {isa = PBXFileReference; lastKnownFileType = wrapper.framework; name = Security.framework; path = System/Library/Frameworks/Security.framework; sourceTree = SDKROOT; };
		694CEB1613F45BF1001CA3FA /* DBAccountInfo.h */ = {isa = PBXFileReference; fileEncoding = 4; lastKnownFileType = sourcecode.c.h; path = DBAccountInfo.h; sourceTree = "<group>"; };
		694CEB1713F45BF1001CA3FA /* DBAccountInfo.m */ = {isa = PBXFileReference; fileEncoding = 4; lastKnownFileType = sourcecode.c.objc; path = DBAccountInfo.m; sourceTree = "<group>"; };
		694CEB1813F45BF1001CA3FA /* DBCreateAccountController.h */ = {isa = PBXFileReference; fileEncoding = 4; lastKnownFileType = sourcecode.c.h; path = DBCreateAccountController.h; sourceTree = "<group>"; };
		694CEB1913F45BF1001CA3FA /* DBCreateAccountController.m */ = {isa = PBXFileReference; fileEncoding = 4; lastKnownFileType = sourcecode.c.objc; path = DBCreateAccountController.m; sourceTree = "<group>"; };
		694CEB1A13F45BF1001CA3FA /* DBError.h */ = {isa = PBXFileReference; fileEncoding = 4; lastKnownFileType = sourcecode.c.h; path = DBError.h; sourceTree = "<group>"; };
		694CEB1B13F45BF1001CA3FA /* DBError.m */ = {isa = PBXFileReference; fileEncoding = 4; lastKnownFileType = sourcecode.c.objc; path = DBError.m; sourceTree = "<group>"; };
		694CEB1C13F45BF1001CA3FA /* DBLoadingView.h */ = {isa = PBXFileReference; fileEncoding = 4; lastKnownFileType = sourcecode.c.h; path = DBLoadingView.h; sourceTree = "<group>"; };
		694CEB1D13F45BF1001CA3FA /* DBLoadingView.m */ = {isa = PBXFileReference; fileEncoding = 4; lastKnownFileType = sourcecode.c.objc; path = DBLoadingView.m; sourceTree = "<group>"; };
		694CEB1E13F45BF1001CA3FA /* DBLoginController.h */ = {isa = PBXFileReference; fileEncoding = 4; lastKnownFileType = sourcecode.c.h; path = DBLoginController.h; sourceTree = "<group>"; };
		694CEB1F13F45BF1001CA3FA /* DBLoginController.m */ = {isa = PBXFileReference; fileEncoding = 4; lastKnownFileType = sourcecode.c.objc; path = DBLoginController.m; sourceTree = "<group>"; };
		694CEB2013F45BF1001CA3FA /* DBMetadata.h */ = {isa = PBXFileReference; fileEncoding = 4; lastKnownFileType = sourcecode.c.h; path = DBMetadata.h; sourceTree = "<group>"; };
		694CEB2113F45BF1001CA3FA /* DBMetadata.m */ = {isa = PBXFileReference; fileEncoding = 4; lastKnownFileType = sourcecode.c.objc; path = DBMetadata.m; sourceTree = "<group>"; };
		694CEB2213F45BF1001CA3FA /* DBQuota.h */ = {isa = PBXFileReference; fileEncoding = 4; lastKnownFileType = sourcecode.c.h; path = DBQuota.h; sourceTree = "<group>"; };
		694CEB2313F45BF1001CA3FA /* DBQuota.m */ = {isa = PBXFileReference; fileEncoding = 4; lastKnownFileType = sourcecode.c.objc; path = DBQuota.m; sourceTree = "<group>"; };
		694CEB2413F45BF1001CA3FA /* DBRequest.h */ = {isa = PBXFileReference; fileEncoding = 4; lastKnownFileType = sourcecode.c.h; path = DBRequest.h; sourceTree = "<group>"; };
		694CEB2513F45BF1001CA3FA /* DBRequest.m */ = {isa = PBXFileReference; fileEncoding = 4; lastKnownFileType = sourcecode.c.objc; path = DBRequest.m; sourceTree = "<group>"; };
		694CEB2613F45BF1001CA3FA /* DBRestClient.h */ = {isa = PBXFileReference; fileEncoding = 4; lastKnownFileType = sourcecode.c.h; path = DBRestClient.h; sourceTree = "<group>"; };
		694CEB2713F45BF1001CA3FA /* DBRestClient.m */ = {isa = PBXFileReference; fileEncoding = 4; lastKnownFileType = sourcecode.c.objc; path = DBRestClient.m; sourceTree = "<group>"; };
		694CEB2813F45BF1001CA3FA /* DBSession.h */ = {isa = PBXFileReference; fileEncoding = 4; lastKnownFileType = sourcecode.c.h; path = DBSession.h; sourceTree = "<group>"; };
		694CEB2913F45BF1001CA3FA /* DBSession.m */ = {isa = PBXFileReference; fileEncoding = 4; lastKnownFileType = sourcecode.c.objc; path = DBSession.m; sourceTree = "<group>"; };
		694CEB2A13F45BF1001CA3FA /* DropboxSDK.h */ = {isa = PBXFileReference; fileEncoding = 4; lastKnownFileType = sourcecode.c.h; path = DropboxSDK.h; sourceTree = "<group>"; };
		694CEB2C13F45BF1001CA3FA /* JSON.h */ = {isa = PBXFileReference; fileEncoding = 4; lastKnownFileType = sourcecode.c.h; path = JSON.h; sourceTree = "<group>"; };
		694CEB2D13F45BF1001CA3FA /* NSObject+SBJSON.h */ = {isa = PBXFileReference; fileEncoding = 4; lastKnownFileType = sourcecode.c.h; path = "NSObject+SBJSON.h"; sourceTree = "<group>"; };
		694CEB2E13F45BF1001CA3FA /* NSObject+SBJSON.m */ = {isa = PBXFileReference; fileEncoding = 4; lastKnownFileType = sourcecode.c.objc; path = "NSObject+SBJSON.m"; sourceTree = "<group>"; };
		694CEB2F13F45BF1001CA3FA /* NSString+SBJSON.h */ = {isa = PBXFileReference; fileEncoding = 4; lastKnownFileType = sourcecode.c.h; path = "NSString+SBJSON.h"; sourceTree = "<group>"; };
		694CEB3013F45BF1001CA3FA /* NSString+SBJSON.m */ = {isa = PBXFileReference; fileEncoding = 4; lastKnownFileType = sourcecode.c.objc; path = "NSString+SBJSON.m"; sourceTree = "<group>"; };
		694CEB3113F45BF1001CA3FA /* SBJSON.h */ = {isa = PBXFileReference; fileEncoding = 4; lastKnownFileType = sourcecode.c.h; path = SBJSON.h; sourceTree = "<group>"; };
		694CEB3213F45BF1001CA3FA /* SBJSON.m */ = {isa = PBXFileReference; fileEncoding = 4; lastKnownFileType = sourcecode.c.objc; path = SBJSON.m; sourceTree = "<group>"; };
		694CEB3313F45BF1001CA3FA /* SBJsonBase.h */ = {isa = PBXFileReference; fileEncoding = 4; lastKnownFileType = sourcecode.c.h; path = SBJsonBase.h; sourceTree = "<group>"; };
		694CEB3413F45BF1001CA3FA /* SBJsonBase.m */ = {isa = PBXFileReference; fileEncoding = 4; lastKnownFileType = sourcecode.c.objc; path = SBJsonBase.m; sourceTree = "<group>"; };
		694CEB3513F45BF1001CA3FA /* SBJsonParser.h */ = {isa = PBXFileReference; fileEncoding = 4; lastKnownFileType = sourcecode.c.h; path = SBJsonParser.h; sourceTree = "<group>"; };
		694CEB3613F45BF1001CA3FA /* SBJsonParser.m */ = {isa = PBXFileReference; fileEncoding = 4; lastKnownFileType = sourcecode.c.objc; path = SBJsonParser.m; sourceTree = "<group>"; };
		694CEB3713F45BF1001CA3FA /* SBJsonWriter.h */ = {isa = PBXFileReference; fileEncoding = 4; lastKnownFileType = sourcecode.c.h; path = SBJsonWriter.h; sourceTree = "<group>"; };
		694CEB3813F45BF1001CA3FA /* SBJsonWriter.m */ = {isa = PBXFileReference; fileEncoding = 4; lastKnownFileType = sourcecode.c.objc; path = SBJsonWriter.m; sourceTree = "<group>"; };
		694CEB3913F45BF1001CA3FA /* LICENSE */ = {isa = PBXFileReference; fileEncoding = 4; lastKnownFileType = text; path = LICENSE; sourceTree = "<group>"; };
		694CEB3C13F45BF1001CA3FA /* Base64Transcoder.c */ = {isa = PBXFileReference; fileEncoding = 4; lastKnownFileType = sourcecode.c.c; path = Base64Transcoder.c; sourceTree = "<group>"; };
		694CEB3D13F45BF1001CA3FA /* Base64Transcoder.h */ = {isa = PBXFileReference; fileEncoding = 4; lastKnownFileType = sourcecode.c.h; path = Base64Transcoder.h; sourceTree = "<group>"; };
		694CEB3E13F45BF1001CA3FA /* MPDebug.h */ = {isa = PBXFileReference; fileEncoding = 4; lastKnownFileType = sourcecode.c.h; path = MPDebug.h; sourceTree = "<group>"; };
		694CEB3F13F45BF1001CA3FA /* MPOAuth.h */ = {isa = PBXFileReference; fileEncoding = 4; lastKnownFileType = sourcecode.c.h; path = MPOAuth.h; sourceTree = "<group>"; };
		694CEB4013F45BF1001CA3FA /* MPOAuthAPI.h */ = {isa = PBXFileReference; fileEncoding = 4; lastKnownFileType = sourcecode.c.h; path = MPOAuthAPI.h; sourceTree = "<group>"; };
		694CEB4113F45BF1001CA3FA /* MPOAuthAPI.m */ = {isa = PBXFileReference; fileEncoding = 4; lastKnownFileType = sourcecode.c.objc; path = MPOAuthAPI.m; sourceTree = "<group>"; };
		694CEB4213F45BF1001CA3FA /* MPOAuthAPIRequestLoader.h */ = {isa = PBXFileReference; fileEncoding = 4; lastKnownFileType = sourcecode.c.h; path = MPOAuthAPIRequestLoader.h; sourceTree = "<group>"; };
		694CEB4313F45BF1001CA3FA /* MPOAuthAPIRequestLoader.m */ = {isa = PBXFileReference; fileEncoding = 4; lastKnownFileType = sourcecode.c.objc; path = MPOAuthAPIRequestLoader.m; sourceTree = "<group>"; };
		694CEB4413F45BF1001CA3FA /* MPOAuthAuthenticationMethod.h */ = {isa = PBXFileReference; fileEncoding = 4; lastKnownFileType = sourcecode.c.h; path = MPOAuthAuthenticationMethod.h; sourceTree = "<group>"; };
		694CEB4513F45BF1001CA3FA /* MPOAuthAuthenticationMethod.m */ = {isa = PBXFileReference; fileEncoding = 4; lastKnownFileType = sourcecode.c.objc; path = MPOAuthAuthenticationMethod.m; sourceTree = "<group>"; };
		694CEB4613F45BF1001CA3FA /* MPOAuthAuthenticationMethodOAuth.h */ = {isa = PBXFileReference; fileEncoding = 4; lastKnownFileType = sourcecode.c.h; path = MPOAuthAuthenticationMethodOAuth.h; sourceTree = "<group>"; };
		694CEB4713F45BF1001CA3FA /* MPOAuthAuthenticationMethodOAuth.m */ = {isa = PBXFileReference; fileEncoding = 4; lastKnownFileType = sourcecode.c.objc; path = MPOAuthAuthenticationMethodOAuth.m; sourceTree = "<group>"; };
		694CEB4813F45BF1001CA3FA /* MPOAuthConnection.h */ = {isa = PBXFileReference; fileEncoding = 4; lastKnownFileType = sourcecode.c.h; path = MPOAuthConnection.h; sourceTree = "<group>"; };
		694CEB4913F45BF1001CA3FA /* MPOAuthConnection.m */ = {isa = PBXFileReference; fileEncoding = 4; lastKnownFileType = sourcecode.c.objc; path = MPOAuthConnection.m; sourceTree = "<group>"; };
		694CEB4A13F45BF1001CA3FA /* MPOAuthCredentiaIConcreteStore+KeychainAdditionsMac.m */ = {isa = PBXFileReference; fileEncoding = 4; lastKnownFileType = sourcecode.c.objc; path = "MPOAuthCredentiaIConcreteStore+KeychainAdditionsMac.m"; sourceTree = "<group>"; };
		694CEB4B13F45BF1001CA3FA /* MPOAuthCredentialConcreteStore+KeychainAdditions.h */ = {isa = PBXFileReference; fileEncoding = 4; lastKnownFileType = sourcecode.c.h; path = "MPOAuthCredentialConcreteStore+KeychainAdditions.h"; sourceTree = "<group>"; };
		694CEB4C13F45BF1001CA3FA /* MPOAuthCredentialConcreteStore+KeychainAdditionsiPhone.m */ = {isa = PBXFileReference; fileEncoding = 4; lastKnownFileType = sourcecode.c.objc; path = "MPOAuthCredentialConcreteStore+KeychainAdditionsiPhone.m"; sourceTree = "<group>"; };
		694CEB4D13F45BF1001CA3FA /* MPOAuthCredentialConcreteStore.h */ = {isa = PBXFileReference; fileEncoding = 4; lastKnownFileType = sourcecode.c.h; path = MPOAuthCredentialConcreteStore.h; sourceTree = "<group>"; };
		694CEB4E13F45BF1001CA3FA /* MPOAuthCredentialConcreteStore.m */ = {isa = PBXFileReference; fileEncoding = 4; lastKnownFileType = sourcecode.c.objc; path = MPOAuthCredentialConcreteStore.m; sourceTree = "<group>"; };
		694CEB4F13F45BF1001CA3FA /* MPOAuthCredentialStore.h */ = {isa = PBXFileReference; fileEncoding = 4; lastKnownFileType = sourcecode.c.h; path = MPOAuthCredentialStore.h; sourceTree = "<group>"; };
		694CEB5013F45BF1001CA3FA /* MPOAuthParameterFactory.h */ = {isa = PBXFileReference; fileEncoding = 4; lastKnownFileType = sourcecode.c.h; path = MPOAuthParameterFactory.h; sourceTree = "<group>"; };
		694CEB5113F45BF1001CA3FA /* MPOAuthSignatureParameter.h */ = {isa = PBXFileReference; fileEncoding = 4; lastKnownFileType = sourcecode.c.h; path = MPOAuthSignatureParameter.h; sourceTree = "<group>"; };
		694CEB5213F45BF1001CA3FA /* MPOAuthSignatureParameter.m */ = {isa = PBXFileReference; fileEncoding = 4; lastKnownFileType = sourcecode.c.objc; path = MPOAuthSignatureParameter.m; sourceTree = "<group>"; };
		694CEB5313F45BF1001CA3FA /* MPOAuthURLRequest.h */ = {isa = PBXFileReference; fileEncoding = 4; lastKnownFileType = sourcecode.c.h; path = MPOAuthURLRequest.h; sourceTree = "<group>"; };
		694CEB5413F45BF1001CA3FA /* MPOAuthURLRequest.m */ = {isa = PBXFileReference; fileEncoding = 4; lastKnownFileType = sourcecode.c.objc; path = MPOAuthURLRequest.m; sourceTree = "<group>"; };
		694CEB5513F45BF1001CA3FA /* MPOAuthURLResponse.h */ = {isa = PBXFileReference; fileEncoding = 4; lastKnownFileType = sourcecode.c.h; path = MPOAuthURLResponse.h; sourceTree = "<group>"; };
		694CEB5613F45BF1001CA3FA /* MPOAuthURLResponse.m */ = {isa = PBXFileReference; fileEncoding = 4; lastKnownFileType = sourcecode.c.objc; path = MPOAuthURLResponse.m; sourceTree = "<group>"; };
		694CEB5713F45BF1001CA3FA /* MPURLRequestParameter.h */ = {isa = PBXFileReference; fileEncoding = 4; lastKnownFileType = sourcecode.c.h; path = MPURLRequestParameter.h; sourceTree = "<group>"; };
		694CEB5813F45BF1001CA3FA /* MPURLRequestParameter.m */ = {isa = PBXFileReference; fileEncoding = 4; lastKnownFileType = sourcecode.c.objc; path = MPURLRequestParameter.m; sourceTree = "<group>"; };
		694CEB5913F45BF1001CA3FA /* NSString+URLEscapingAdditions.h */ = {isa = PBXFileReference; fileEncoding = 4; lastKnownFileType = sourcecode.c.h; path = "NSString+URLEscapingAdditions.h"; sourceTree = "<group>"; };
		694CEB5A13F45BF1001CA3FA /* NSString+URLEscapingAdditions.m */ = {isa = PBXFileReference; fileEncoding = 4; lastKnownFileType = sourcecode.c.objc; path = "NSString+URLEscapingAdditions.m"; sourceTree = "<group>"; };
		694CEB5B13F45BF1001CA3FA /* NSURL+MPURLParameterAdditions.h */ = {isa = PBXFileReference; fileEncoding = 4; lastKnownFileType = sourcecode.c.h; path = "NSURL+MPURLParameterAdditions.h"; sourceTree = "<group>"; };
		694CEB5C13F45BF1001CA3FA /* NSURL+MPURLParameterAdditions.m */ = {isa = PBXFileReference; fileEncoding = 4; lastKnownFileType = sourcecode.c.objc; path = "NSURL+MPURLParameterAdditions.m"; sourceTree = "<group>"; };
		694CEB5D13F45BF1001CA3FA /* NSURLResponse+Encoding.h */ = {isa = PBXFileReference; fileEncoding = 4; lastKnownFileType = sourcecode.c.h; path = "NSURLResponse+Encoding.h"; sourceTree = "<group>"; };
		694CEB5E13F45BF1001CA3FA /* NSURLResponse+Encoding.m */ = {isa = PBXFileReference; fileEncoding = 4; lastKnownFileType = sourcecode.c.objc; path = "NSURLResponse+Encoding.m"; sourceTree = "<group>"; };
		694CEB5F13F45BF1001CA3FA /* NSString+Dropbox.h */ = {isa = PBXFileReference; fileEncoding = 4; lastKnownFileType = sourcecode.c.h; path = "NSString+Dropbox.h"; sourceTree = "<group>"; };
		694CEB6013F45BF1001CA3FA /* NSString+Dropbox.m */ = {isa = PBXFileReference; fileEncoding = 4; lastKnownFileType = sourcecode.c.objc; path = "NSString+Dropbox.m"; sourceTree = "<group>"; };
		694CEB6213F45BF1001CA3FA /* db_background.png */ = {isa = PBXFileReference; lastKnownFileType = image.png; path = db_background.png; sourceTree = "<group>"; };
		694CEB6313F45BF1001CA3FA /* db_create_account.png */ = {isa = PBXFileReference; lastKnownFileType = image.png; path = db_create_account.png; sourceTree = "<group>"; };
		694CEB6413F45BF1001CA3FA /* db_create_account@2x.png */ = {isa = PBXFileReference; lastKnownFileType = image.png; path = "db_create_account@2x.png"; sourceTree = "<group>"; };
		694CEB6513F45BF1001CA3FA /* db_create_account_button.png */ = {isa = PBXFileReference; lastKnownFileType = image.png; path = db_create_account_button.png; sourceTree = "<group>"; };
		694CEB6613F45BF1001CA3FA /* db_create_account_button_down.png */ = {isa = PBXFileReference; lastKnownFileType = image.png; path = db_create_account_button_down.png; sourceTree = "<group>"; };
		694CEB6713F45BF1001CA3FA /* db_link_button.png */ = {isa = PBXFileReference; lastKnownFileType = image.png; path = db_link_button.png; sourceTree = "<group>"; };
		694CEB6813F45BF1001CA3FA /* db_link_button_down.png */ = {isa = PBXFileReference; lastKnownFileType = image.png; path = db_link_button_down.png; sourceTree = "<group>"; };
		694CEB6913F45BF1001CA3FA /* db_link_header.png */ = {isa = PBXFileReference; lastKnownFileType = image.png; path = db_link_header.png; sourceTree = "<group>"; };
		694CEB6A13F45BF1001CA3FA /* db_link_header@2x.png */ = {isa = PBXFileReference; lastKnownFileType = image.png; path = "db_link_header@2x.png"; sourceTree = "<group>"; };
		694CEB6B13F45BF1001CA3FA /* db_logo.png */ = {isa = PBXFileReference; lastKnownFileType = image.png; path = db_logo.png; sourceTree = "<group>"; };
		694CEB6C13F45BF1001CA3FA /* db_logo@2x.png */ = {isa = PBXFileReference; lastKnownFileType = image.png; path = "db_logo@2x.png"; sourceTree = "<group>"; };
		694CEC0113F46DB5001CA3FA /* ChangeLog */ = {isa = PBXFileReference; fileEncoding = 4; lastKnownFileType = text; path = ChangeLog; sourceTree = "<group>"; };
		69669C8013F96E630074F878 /* stubCustomer.h */ = {isa = PBXFileReference; fileEncoding = 4; lastKnownFileType = sourcecode.c.h; path = stubCustomer.h; sourceTree = "<group>"; };
		69669C8113F96E630074F878 /* stubCustomer.m */ = {isa = PBXFileReference; fileEncoding = 4; lastKnownFileType = sourcecode.c.objc; path = stubCustomer.m; sourceTree = "<group>"; };
		697DA35313F4570A0049BB76 /* ZBarSDK */ = {isa = PBXFileReference; lastKnownFileType = folder; path = ZBarSDK; sourceTree = "<group>"; };
		697DA41213F459370049BB76 /* libzbar.a */ = {isa = PBXFileReference; lastKnownFileType = archive.ar; name = libzbar.a; path = "/Users/trevor/Documents/Cocoa Projects/all-seeing-eye-gpl/ZBarSDK/libzbar.a"; sourceTree = "<absolute>"; };
		69862B461367B83A002E909B /* libiconv.dylib */ = {isa = PBXFileReference; lastKnownFileType = "compiled.mach-o.dylib"; name = libiconv.dylib; path = usr/lib/libiconv.dylib; sourceTree = SDKROOT; };
		69862B8113685F4C002E909B /* codeScanner.h */ = {isa = PBXFileReference; fileEncoding = 4; lastKnownFileType = sourcecode.c.h; path = codeScanner.h; sourceTree = "<group>"; };
		69862B8213685F4C002E909B /* codeScanner.m */ = {isa = PBXFileReference; fileEncoding = 4; lastKnownFileType = sourcecode.c.objc; path = codeScanner.m; sourceTree = "<group>"; };
		69980EBF138356D500CE90A9 /* userEntryVC.h */ = {isa = PBXFileReference; fileEncoding = 4; lastKnownFileType = sourcecode.c.h; path = userEntryVC.h; sourceTree = "<group>"; };
		69980EC0138356D500CE90A9 /* userEntryVC.m */ = {isa = PBXFileReference; fileEncoding = 4; lastKnownFileType = sourcecode.c.objc; path = userEntryVC.m; sourceTree = "<group>"; };
		699810081384D7B300CE90A9 /* README */ = {isa = PBXFileReference; fileEncoding = 4; lastKnownFileType = text; path = README; sourceTree = "<group>"; };
		6998100E1388859900CE90A9 /* textFieldInputVC.h */ = {isa = PBXFileReference; fileEncoding = 4; lastKnownFileType = sourcecode.c.h; path = textFieldInputVC.h; sourceTree = "<group>"; };
		6998100F1388859900CE90A9 /* textFieldInputVC.m */ = {isa = PBXFileReference; fileEncoding = 4; lastKnownFileType = sourcecode.c.objc; path = textFieldInputVC.m; sourceTree = "<group>"; };
		69B7070F13E65B6D002D42BD /* Icon-Small.png */ = {isa = PBXFileReference; lastKnownFileType = image.png; path = "Icon-Small.png"; sourceTree = "<group>"; };
		69B7071013E65B6D002D42BD /* Icon-Small-50.png */ = {isa = PBXFileReference; lastKnownFileType = image.png; path = "Icon-Small-50.png"; sourceTree = "<group>"; };
		69B7071113E65B6D002D42BD /* Icon-Small@2x.png */ = {isa = PBXFileReference; lastKnownFileType = image.png; path = "Icon-Small@2x.png"; sourceTree = "<group>"; };
		69B7071213E65B6D002D42BD /* Icon@2x.png */ = {isa = PBXFileReference; lastKnownFileType = image.png; path = "Icon@2x.png"; sourceTree = "<group>"; };
		69B7071313E65B6D002D42BD /* iTunesArtwork.png */ = {isa = PBXFileReference; lastKnownFileType = image.png; path = iTunesArtwork.png; sourceTree = "<group>"; };
		69B7071913E65B75002D42BD /* Icon.png */ = {isa = PBXFileReference; lastKnownFileType = image.png; path = Icon.png; sourceTree = "<group>"; };
		69B7071B13E65B83002D42BD /* Default.png */ = {isa = PBXFileReference; lastKnownFileType = image.png; path = Default.png; sourceTree = "<group>"; };
		69B7071C13E65B83002D42BD /* Default@2x.png */ = {isa = PBXFileReference; lastKnownFileType = image.png; path = "Default@2x.png"; sourceTree = "<group>"; };
		69D73EA8136A2840004380D6 /* COPYING */ = {isa = PBXFileReference; fileEncoding = 4; lastKnownFileType = text; path = COPYING; sourceTree = "<group>"; };
		69D73EAA136A29AF004380D6 /* ATTRIBUTIONS */ = {isa = PBXFileReference; fileEncoding = 4; lastKnownFileType = text; path = ATTRIBUTIONS; sourceTree = "<group>"; };
		69D73EBA136A5741004380D6 /* Icon-72.png */ = {isa = PBXFileReference; lastKnownFileType = image.png; path = "Icon-72.png"; sourceTree = "<group>"; };
		69D73ED1136A6552004380D6 /* Database Schema.txt */ = {isa = PBXFileReference; fileEncoding = 4; lastKnownFileType = text; path = "Database Schema.txt"; sourceTree = "<group>"; };
		69D73EED136B065E004380D6 /* libsqlite3.dylib */ = {isa = PBXFileReference; lastKnownFileType = "compiled.mach-o.dylib"; name = libsqlite3.dylib; path = usr/lib/libsqlite3.dylib; sourceTree = SDKROOT; };
		69D73F95136B6F8D004380D6 /* databaseManager.h */ = {isa = PBXFileReference; fileEncoding = 4; lastKnownFileType = sourcecode.c.h; path = databaseManager.h; sourceTree = "<group>"; };
		69D73F96136B6F8D004380D6 /* databaseManager.m */ = {isa = PBXFileReference; fileEncoding = 4; lastKnownFileType = sourcecode.c.objc; path = databaseManager.m; sourceTree = "<group>"; };
		69D73FBF136B70CC004380D6 /* database.sql */ = {isa = PBXFileReference; lastKnownFileType = file; path = database.sql; sourceTree = "<group>"; };
		69D73FE5136BCAAA004380D6 /* customerProtocol.h */ = {isa = PBXFileReference; fileEncoding = 4; lastKnownFileType = sourcecode.c.h; path = customerProtocol.h; sourceTree = "<group>"; };
		69D73FEF136BCE76004380D6 /* aitunesCustomer.h */ = {isa = PBXFileReference; fileEncoding = 4; lastKnownFileType = sourcecode.c.h; path = aitunesCustomer.h; sourceTree = "<group>"; };
		69D73FF0136BCE76004380D6 /* aitunesCustomer.m */ = {isa = PBXFileReference; fileEncoding = 4; lastKnownFileType = sourcecode.c.objc; path = aitunesCustomer.m; sourceTree = "<group>"; };
		69D9F3EE13802A7600FC3B3B /* userAdminVC.h */ = {isa = PBXFileReference; fileEncoding = 4; lastKnownFileType = sourcecode.c.h; path = userAdminVC.h; sourceTree = "<group>"; };
		69D9F3EF13802A7600FC3B3B /* userAdminVC.m */ = {isa = PBXFileReference; fileEncoding = 4; lastKnownFileType = sourcecode.c.objc; path = userAdminVC.m; sourceTree = "<group>"; };
		69E7A9B113635F480020A229 /* cameraView.h */ = {isa = PBXFileReference; fileEncoding = 4; lastKnownFileType = sourcecode.c.h; path = cameraView.h; sourceTree = "<group>"; };
		69E7A9B213635F480020A229 /* cameraView.m */ = {isa = PBXFileReference; fileEncoding = 4; indentWidth = 2; lastKnownFileType = sourcecode.c.objc; path = cameraView.m; sourceTree = "<group>"; tabWidth = 2; usesTabs = 0; };
		69E7A9B413635F610020A229 /* customerInfoView.h */ = {isa = PBXFileReference; fileEncoding = 4; lastKnownFileType = sourcecode.c.h; path = customerInfoView.h; sourceTree = "<group>"; };
		69E7A9B513635F610020A229 /* customerInfoView.m */ = {isa = PBXFileReference; fileEncoding = 4; lastKnownFileType = sourcecode.c.objc; path = customerInfoView.m; sourceTree = "<group>"; };
		69E7A9B713635F740020A229 /* mainViewController.h */ = {isa = PBXFileReference; fileEncoding = 4; lastKnownFileType = sourcecode.c.h; path = mainViewController.h; sourceTree = "<group>"; };
		69E7A9B813635F740020A229 /* mainViewController.m */ = {isa = PBXFileReference; fileEncoding = 4; lastKnownFileType = sourcecode.c.objc; path = mainViewController.m; sourceTree = "<group>"; };
		69E7AB551363A65D0020A229 /* Default-Portrait.png */ = {isa = PBXFileReference; lastKnownFileType = image.png; path = "Default-Portrait.png"; sourceTree = "<group>"; };
		69E7ABB71365C24E0020A229 /* AVFoundation.framework */ = {isa = PBXFileReference; lastKnownFileType = wrapper.framework; name = AVFoundation.framework; path = System/Library/Frameworks/AVFoundation.framework; sourceTree = SDKROOT; };
		69E7AC081365C5750020A229 /* CoreVideo.framework */ = {isa = PBXFileReference; lastKnownFileType = wrapper.framework; name = CoreVideo.framework; path = System/Library/Frameworks/CoreVideo.framework; sourceTree = SDKROOT; };
		69E7AC0C1365C5860020A229 /* CoreMedia.framework */ = {isa = PBXFileReference; lastKnownFileType = wrapper.framework; name = CoreMedia.framework; path = System/Library/Frameworks/CoreMedia.framework; sourceTree = SDKROOT; };
		69E7AC101365C59D0020A229 /* QuartzCore.framework */ = {isa = PBXFileReference; lastKnownFileType = wrapper.framework; name = QuartzCore.framework; path = System/Library/Frameworks/QuartzCore.framework; sourceTree = SDKROOT; };
		69E7AF80136789120020A229 /* frameOverlay.png */ = {isa = PBXFileReference; lastKnownFileType = image.png; path = frameOverlay.png; sourceTree = "<group>"; };
		69E7AFFE136793D50020A229 /* rootView.h */ = {isa = PBXFileReference; fileEncoding = 4; lastKnownFileType = sourcecode.c.h; path = rootView.h; sourceTree = "<group>"; };
		69E7AFFF136793D50020A229 /* rootView.m */ = {isa = PBXFileReference; fileEncoding = 4; lastKnownFileType = sourcecode.c.objc; path = rootView.m; sourceTree = "<group>"; };
		8D1107310486CEB800E47090 /* All_Seeing_Eye-Info.plist */ = {isa = PBXFileReference; fileEncoding = 4; lastKnownFileType = text.plist.xml; path = "All_Seeing_Eye-Info.plist"; plistStructureDefinitionIdentifier = "com.apple.xcode.plist.structure-definition.iphone.info-plist"; sourceTree = "<group>"; };
/* End PBXFileReference section */

/* Begin PBXFrameworksBuildPhase section */
		1D60588F0D05DD3D006BFB54 /* Frameworks */ = {
			isa = PBXFrameworksBuildPhase;
			buildActionMask = 2147483647;
			files = (
				1D60589F0D05DD5A006BFB54 /* Foundation.framework in Frameworks */,
				1DF5F4E00D08C38300B7A737 /* UIKit.framework in Frameworks */,
				288765FD0DF74451002DB57D /* CoreGraphics.framework in Frameworks */,
				69E7ABB81365C24E0020A229 /* AVFoundation.framework in Frameworks */,
				69E7AC091365C5750020A229 /* CoreVideo.framework in Frameworks */,
				69E7AC0D1365C5860020A229 /* CoreMedia.framework in Frameworks */,
				69E7AC111365C59D0020A229 /* QuartzCore.framework in Frameworks */,
				69862B471367B83A002E909B /* libiconv.dylib in Frameworks */,
				69D73EEE136B065E004380D6 /* libsqlite3.dylib in Frameworks */,
				693DBA1D13C6385300DA9DE1 /* Security.framework in Frameworks */,
				697DA41313F459370049BB76 /* libzbar.a in Frameworks */,
			);
			runOnlyForDeploymentPostprocessing = 0;
		};
/* End PBXFrameworksBuildPhase section */

/* Begin PBXGroup section */
		080E96DDFE201D6D7F000001 /* Classes */ = {
			isa = PBXGroup;
			children = (
				69D9F3F113802A7F00FC3B3B /* Administration */,
				1D3623240D0F684500981E51 /* mainAppDelegate.h */,
				1D3623250D0F684500981E51 /* mainAppDelegate.m */,
				69D73F95136B6F8D004380D6 /* databaseManager.h */,
				69D73F96136B6F8D004380D6 /* databaseManager.m */,
				69E7A9B113635F480020A229 /* cameraView.h */,
				69E7A9B213635F480020A229 /* cameraView.m */,
				69E7A9B413635F610020A229 /* customerInfoView.h */,
				69E7A9B513635F610020A229 /* customerInfoView.m */,
				69E7A9B713635F740020A229 /* mainViewController.h */,
				69E7A9B813635F740020A229 /* mainViewController.m */,
				69E7AFFE136793D50020A229 /* rootView.h */,
				69E7AFFF136793D50020A229 /* rootView.m */,
				69862B8113685F4C002E909B /* codeScanner.h */,
				69862B8213685F4C002E909B /* codeScanner.m */,
				69D73FE5136BCAAA004380D6 /* customerProtocol.h */,
				69D73FEF136BCE76004380D6 /* aitunesCustomer.h */,
				69D73FF0136BCE76004380D6 /* aitunesCustomer.m */,
				693DB96D13C6087A00DA9DE1 /* dropboxSync.h */,
				693DB96E13C6087A00DA9DE1 /* dropboxSync.m */,
				69669C8013F96E630074F878 /* stubCustomer.h */,
				69669C8113F96E630074F878 /* stubCustomer.m */,
			);
			path = Classes;
			sourceTree = "<group>";
		};
		19C28FACFE9D520D11CA2CBB /* Products */ = {
			isa = PBXGroup;
			children = (
				1D6058910D05DD3D006BFB54 /* All-Seeing Eye.app */,
			);
			name = Products;
			sourceTree = "<group>";
		};
		29B97314FDCFA39411CA2CEA /* CustomTemplate */ = {
			isa = PBXGroup;
			children = (
				694CEB1513F45BF1001CA3FA /* DropboxSDK */,
				697DA35313F4570A0049BB76 /* ZBarSDK */,
				080E96DDFE201D6D7F000001 /* Classes */,
				29B97315FDCFA39411CA2CEA /* Other Sources */,
				29B97317FDCFA39411CA2CEA /* Resources */,
				29B97323FDCFA39411CA2CEA /* Frameworks */,
				19C28FACFE9D520D11CA2CBB /* Products */,
				697DA41213F459370049BB76 /* libzbar.a */,
			);
			name = CustomTemplate;
			sourceTree = "<group>";
		};
		29B97315FDCFA39411CA2CEA /* Other Sources */ = {
			isa = PBXGroup;
			children = (
				32CA4F630368D1EE00C91783 /* All_Seeing_Eye_Prefix.pch */,
				29B97316FDCFA39411CA2CEA /* main.m */,
			);
			name = "Other Sources";
			sourceTree = "<group>";
		};
		29B97317FDCFA39411CA2CEA /* Resources */ = {
			isa = PBXGroup;
			children = (
				699810081384D7B300CE90A9 /* README */,
				69D73FBF136B70CC004380D6 /* database.sql */,
				69B7071913E65B75002D42BD /* Icon.png */,
				69D73EBA136A5741004380D6 /* Icon-72.png */,
				69B7070F13E65B6D002D42BD /* Icon-Small.png */,
				69B7071013E65B6D002D42BD /* Icon-Small-50.png */,
				69B7071113E65B6D002D42BD /* Icon-Small@2x.png */,
				69B7071213E65B6D002D42BD /* Icon@2x.png */,
				69B7071313E65B6D002D42BD /* iTunesArtwork.png */,
				69D73EA8136A2840004380D6 /* COPYING */,
				69E7AF80136789120020A229 /* frameOverlay.png */,
				69B7071B13E65B83002D42BD /* Default.png */,
				69B7071C13E65B83002D42BD /* Default@2x.png */,
				69E7AB551363A65D0020A229 /* Default-Portrait.png */,
				8D1107310486CEB800E47090 /* All_Seeing_Eye-Info.plist */,
				69D73EAA136A29AF004380D6 /* ATTRIBUTIONS */,
				69D73ED1136A6552004380D6 /* Database Schema.txt */,
				694CEC0113F46DB5001CA3FA /* ChangeLog */,
			);
			name = Resources;
			sourceTree = "<group>";
		};
		29B97323FDCFA39411CA2CEA /* Frameworks */ = {
			isa = PBXGroup;
			children = (
				1DF5F4DF0D08C38300B7A737 /* UIKit.framework */,
				1D30AB110D05D00D00671497 /* Foundation.framework */,
				288765FC0DF74451002DB57D /* CoreGraphics.framework */,
				69E7ABB71365C24E0020A229 /* AVFoundation.framework */,
				69E7AC081365C5750020A229 /* CoreVideo.framework */,
				69E7AC0C1365C5860020A229 /* CoreMedia.framework */,
				69E7AC101365C59D0020A229 /* QuartzCore.framework */,
				69862B461367B83A002E909B /* libiconv.dylib */,
				69D73EED136B065E004380D6 /* libsqlite3.dylib */,
				693DBA1C13C6385300DA9DE1 /* Security.framework */,
			);
			name = Frameworks;
			sourceTree = "<group>";
		};
		694CEB1513F45BF1001CA3FA /* DropboxSDK */ = {
			isa = PBXGroup;
			children = (
				694CEB1613F45BF1001CA3FA /* DBAccountInfo.h */,
				694CEB1713F45BF1001CA3FA /* DBAccountInfo.m */,
				694CEB1813F45BF1001CA3FA /* DBCreateAccountController.h */,
				694CEB1913F45BF1001CA3FA /* DBCreateAccountController.m */,
				694CEB1A13F45BF1001CA3FA /* DBError.h */,
				694CEB1B13F45BF1001CA3FA /* DBError.m */,
				694CEB1C13F45BF1001CA3FA /* DBLoadingView.h */,
				694CEB1D13F45BF1001CA3FA /* DBLoadingView.m */,
				694CEB1E13F45BF1001CA3FA /* DBLoginController.h */,
				694CEB1F13F45BF1001CA3FA /* DBLoginController.m */,
				694CEB2013F45BF1001CA3FA /* DBMetadata.h */,
				694CEB2113F45BF1001CA3FA /* DBMetadata.m */,
				694CEB2213F45BF1001CA3FA /* DBQuota.h */,
				694CEB2313F45BF1001CA3FA /* DBQuota.m */,
				694CEB2413F45BF1001CA3FA /* DBRequest.h */,
				694CEB2513F45BF1001CA3FA /* DBRequest.m */,
				694CEB2613F45BF1001CA3FA /* DBRestClient.h */,
				694CEB2713F45BF1001CA3FA /* DBRestClient.m */,
				694CEB2813F45BF1001CA3FA /* DBSession.h */,
				694CEB2913F45BF1001CA3FA /* DBSession.m */,
				694CEB2A13F45BF1001CA3FA /* DropboxSDK.h */,
				694CEB2B13F45BF1001CA3FA /* JSON */,
				694CEB3913F45BF1001CA3FA /* LICENSE */,
				694CEB3A13F45BF1001CA3FA /* MPOAuth */,
				694CEB5F13F45BF1001CA3FA /* NSString+Dropbox.h */,
				694CEB6013F45BF1001CA3FA /* NSString+Dropbox.m */,
				694CEB6113F45BF1001CA3FA /* Resources */,
			);
			path = DropboxSDK;
			sourceTree = "<group>";
		};
		694CEB2B13F45BF1001CA3FA /* JSON */ = {
			isa = PBXGroup;
			children = (
				694CEB2C13F45BF1001CA3FA /* JSON.h */,
				694CEB2D13F45BF1001CA3FA /* NSObject+SBJSON.h */,
				694CEB2E13F45BF1001CA3FA /* NSObject+SBJSON.m */,
				694CEB2F13F45BF1001CA3FA /* NSString+SBJSON.h */,
				694CEB3013F45BF1001CA3FA /* NSString+SBJSON.m */,
				694CEB3113F45BF1001CA3FA /* SBJSON.h */,
				694CEB3213F45BF1001CA3FA /* SBJSON.m */,
				694CEB3313F45BF1001CA3FA /* SBJsonBase.h */,
				694CEB3413F45BF1001CA3FA /* SBJsonBase.m */,
				694CEB3513F45BF1001CA3FA /* SBJsonParser.h */,
				694CEB3613F45BF1001CA3FA /* SBJsonParser.m */,
				694CEB3713F45BF1001CA3FA /* SBJsonWriter.h */,
				694CEB3813F45BF1001CA3FA /* SBJsonWriter.m */,
			);
			path = JSON;
			sourceTree = "<group>";
		};
		694CEB3A13F45BF1001CA3FA /* MPOAuth */ = {
			isa = PBXGroup;
			children = (
				694CEB3B13F45BF1001CA3FA /* Crypto */,
				694CEB3E13F45BF1001CA3FA /* MPDebug.h */,
				694CEB3F13F45BF1001CA3FA /* MPOAuth.h */,
				694CEB4013F45BF1001CA3FA /* MPOAuthAPI.h */,
				694CEB4113F45BF1001CA3FA /* MPOAuthAPI.m */,
				694CEB4213F45BF1001CA3FA /* MPOAuthAPIRequestLoader.h */,
				694CEB4313F45BF1001CA3FA /* MPOAuthAPIRequestLoader.m */,
				694CEB4413F45BF1001CA3FA /* MPOAuthAuthenticationMethod.h */,
				694CEB4513F45BF1001CA3FA /* MPOAuthAuthenticationMethod.m */,
				694CEB4613F45BF1001CA3FA /* MPOAuthAuthenticationMethodOAuth.h */,
				694CEB4713F45BF1001CA3FA /* MPOAuthAuthenticationMethodOAuth.m */,
				694CEB4813F45BF1001CA3FA /* MPOAuthConnection.h */,
				694CEB4913F45BF1001CA3FA /* MPOAuthConnection.m */,
				694CEB4A13F45BF1001CA3FA /* MPOAuthCredentiaIConcreteStore+KeychainAdditionsMac.m */,
				694CEB4B13F45BF1001CA3FA /* MPOAuthCredentialConcreteStore+KeychainAdditions.h */,
				694CEB4C13F45BF1001CA3FA /* MPOAuthCredentialConcreteStore+KeychainAdditionsiPhone.m */,
				694CEB4D13F45BF1001CA3FA /* MPOAuthCredentialConcreteStore.h */,
				694CEB4E13F45BF1001CA3FA /* MPOAuthCredentialConcreteStore.m */,
				694CEB4F13F45BF1001CA3FA /* MPOAuthCredentialStore.h */,
				694CEB5013F45BF1001CA3FA /* MPOAuthParameterFactory.h */,
				694CEB5113F45BF1001CA3FA /* MPOAuthSignatureParameter.h */,
				694CEB5213F45BF1001CA3FA /* MPOAuthSignatureParameter.m */,
				694CEB5313F45BF1001CA3FA /* MPOAuthURLRequest.h */,
				694CEB5413F45BF1001CA3FA /* MPOAuthURLRequest.m */,
				694CEB5513F45BF1001CA3FA /* MPOAuthURLResponse.h */,
				694CEB5613F45BF1001CA3FA /* MPOAuthURLResponse.m */,
				694CEB5713F45BF1001CA3FA /* MPURLRequestParameter.h */,
				694CEB5813F45BF1001CA3FA /* MPURLRequestParameter.m */,
				694CEB5913F45BF1001CA3FA /* NSString+URLEscapingAdditions.h */,
				694CEB5A13F45BF1001CA3FA /* NSString+URLEscapingAdditions.m */,
				694CEB5B13F45BF1001CA3FA /* NSURL+MPURLParameterAdditions.h */,
				694CEB5C13F45BF1001CA3FA /* NSURL+MPURLParameterAdditions.m */,
				694CEB5D13F45BF1001CA3FA /* NSURLResponse+Encoding.h */,
				694CEB5E13F45BF1001CA3FA /* NSURLResponse+Encoding.m */,
			);
			path = MPOAuth;
			sourceTree = "<group>";
		};
		694CEB3B13F45BF1001CA3FA /* Crypto */ = {
			isa = PBXGroup;
			children = (
				694CEB3C13F45BF1001CA3FA /* Base64Transcoder.c */,
				694CEB3D13F45BF1001CA3FA /* Base64Transcoder.h */,
			);
			path = Crypto;
			sourceTree = "<group>";
		};
		694CEB6113F45BF1001CA3FA /* Resources */ = {
			isa = PBXGroup;
			children = (
				694CEB6213F45BF1001CA3FA /* db_background.png */,
				694CEB6313F45BF1001CA3FA /* db_create_account.png */,
				694CEB6413F45BF1001CA3FA /* db_create_account@2x.png */,
				694CEB6513F45BF1001CA3FA /* db_create_account_button.png */,
				694CEB6613F45BF1001CA3FA /* db_create_account_button_down.png */,
				694CEB6713F45BF1001CA3FA /* db_link_button.png */,
				694CEB6813F45BF1001CA3FA /* db_link_button_down.png */,
				694CEB6913F45BF1001CA3FA /* db_link_header.png */,
				694CEB6A13F45BF1001CA3FA /* db_link_header@2x.png */,
				694CEB6B13F45BF1001CA3FA /* db_logo.png */,
				694CEB6C13F45BF1001CA3FA /* db_logo@2x.png */,
			);
			path = Resources;
			sourceTree = "<group>";
		};
		69D9F3F113802A7F00FC3B3B /* Administration */ = {
			isa = PBXGroup;
			children = (
				693DB77513A4095800DA9DE1 /* dateInputVC.h */,
				693DB77613A4095800DA9DE1 /* dateInputVC.m */,
				693DB74D13A3D0E100DA9DE1 /* phoneInputVC.h */,
				693DB74E13A3D0E100DA9DE1 /* phoneInputVC.m */,
				693DB6E013A3BE3500DA9DE1 /* numberInputVC.h */,
				693DB6E113A3BE3500DA9DE1 /* numberInputVC.m */,
				6998100E1388859900CE90A9 /* textFieldInputVC.h */,
				6998100F1388859900CE90A9 /* textFieldInputVC.m */,
				69D9F3EE13802A7600FC3B3B /* userAdminVC.h */,
				69D9F3EF13802A7600FC3B3B /* userAdminVC.m */,
				69980EBF138356D500CE90A9 /* userEntryVC.h */,
				69980EC0138356D500CE90A9 /* userEntryVC.m */,
			);
			name = Administration;
			sourceTree = "<group>";
		};
/* End PBXGroup section */

/* Begin PBXNativeTarget section */
		1D6058900D05DD3D006BFB54 /* All-Seeing Eye */ = {
			isa = PBXNativeTarget;
			buildConfigurationList = 1D6058960D05DD3E006BFB54 /* Build configuration list for PBXNativeTarget "All-Seeing Eye" */;
			buildPhases = (
				1D60588D0D05DD3D006BFB54 /* Resources */,
				1D60588E0D05DD3D006BFB54 /* Sources */,
				1D60588F0D05DD3D006BFB54 /* Frameworks */,
			);
			buildRules = (
			);
			dependencies = (
			);
			name = "All-Seeing Eye";
			productName = "All-Seeing Eye";
			productReference = 1D6058910D05DD3D006BFB54 /* All-Seeing Eye.app */;
			productType = "com.apple.product-type.application";
		};
/* End PBXNativeTarget section */

/* Begin PBXProject section */
		29B97313FDCFA39411CA2CEA /* Project object */ = {
			isa = PBXProject;
			buildConfigurationList = C01FCF4E08A954540054247B /* Build configuration list for PBXProject "All-Seeing Eye" */;
			compatibilityVersion = "Xcode 3.2";
			developmentRegion = English;
			hasScannedForEncodings = 1;
			knownRegions = (
				English,
				Japanese,
				French,
				German,
			);
			mainGroup = 29B97314FDCFA39411CA2CEA /* CustomTemplate */;
			projectDirPath = "";
			projectRoot = "";
			targets = (
				1D6058900D05DD3D006BFB54 /* All-Seeing Eye */,
			);
		};
/* End PBXProject section */

/* Begin PBXResourcesBuildPhase section */
		1D60588D0D05DD3D006BFB54 /* Resources */ = {
			isa = PBXResourcesBuildPhase;
			buildActionMask = 2147483647;
			files = (
				69E7AB561363A65D0020A229 /* Default-Portrait.png in Resources */,
				69E7AF81136789120020A229 /* frameOverlay.png in Resources */,
				69D73EA9136A2840004380D6 /* COPYING in Resources */,
				69D73EAB136A29AF004380D6 /* ATTRIBUTIONS in Resources */,
				69D73EBB136A5741004380D6 /* Icon-72.png in Resources */,
				69D73ED2136A6552004380D6 /* Database Schema.txt in Resources */,
				69D73FC0136B70CC004380D6 /* database.sql in Resources */,
				699810091384D7B300CE90A9 /* README in Resources */,
				69B7071413E65B6D002D42BD /* Icon-Small.png in Resources */,
				69B7071513E65B6D002D42BD /* Icon-Small-50.png in Resources */,
				69B7071613E65B6D002D42BD /* Icon-Small@2x.png in Resources */,
				69B7071713E65B6D002D42BD /* Icon@2x.png in Resources */,
				69B7071813E65B6D002D42BD /* iTunesArtwork.png in Resources */,
				69B7071A13E65B75002D42BD /* Icon.png in Resources */,
				69B7071D13E65B83002D42BD /* Default.png in Resources */,
				69B7071E13E65B83002D42BD /* Default@2x.png in Resources */,
				697DA37913F4570A0049BB76 /* ZBarSDK in Resources */,
				694CEB7D13F45BF1001CA3FA /* LICENSE in Resources */,
				694CEB8F13F45BF1001CA3FA /* db_background.png in Resources */,
				694CEB9013F45BF1001CA3FA /* db_create_account.png in Resources */,
				694CEB9113F45BF1001CA3FA /* db_create_account@2x.png in Resources */,
				694CEB9213F45BF1001CA3FA /* db_create_account_button.png in Resources */,
				694CEB9313F45BF1001CA3FA /* db_create_account_button_down.png in Resources */,
				694CEB9413F45BF1001CA3FA /* db_link_button.png in Resources */,
				694CEB9513F45BF1001CA3FA /* db_link_button_down.png in Resources */,
				694CEB9613F45BF1001CA3FA /* db_link_header.png in Resources */,
				694CEB9713F45BF1001CA3FA /* db_link_header@2x.png in Resources */,
				694CEB9813F45BF1001CA3FA /* db_logo.png in Resources */,
				694CEB9913F45BF1001CA3FA /* db_logo@2x.png in Resources */,
				694CEC0213F46DB5001CA3FA /* ChangeLog in Resources */,
			);
			runOnlyForDeploymentPostprocessing = 0;
		};
/* End PBXResourcesBuildPhase section */

/* Begin PBXSourcesBuildPhase section */
		1D60588E0D05DD3D006BFB54 /* Sources */ = {
			isa = PBXSourcesBuildPhase;
			buildActionMask = 2147483647;
			files = (
				1D60589B0D05DD56006BFB54 /* main.m in Sources */,
				1D3623260D0F684500981E51 /* mainAppDelegate.m in Sources */,
				69E7A9B313635F480020A229 /* cameraView.m in Sources */,
				69E7A9B613635F610020A229 /* customerInfoView.m in Sources */,
				69E7A9B913635F740020A229 /* mainViewController.m in Sources */,
				69E7B000136793D50020A229 /* rootView.m in Sources */,
				69862B8313685F4C002E909B /* codeScanner.m in Sources */,
				69D73F97136B6F8D004380D6 /* databaseManager.m in Sources */,
				69D73FF1136BCE76004380D6 /* aitunesCustomer.m in Sources */,
				69D9F3F013802A7600FC3B3B /* userAdminVC.m in Sources */,
				69980EC1138356D500CE90A9 /* userEntryVC.m in Sources */,
				699810101388859900CE90A9 /* textFieldInputVC.m in Sources */,
				693DB6E213A3BE3500DA9DE1 /* numberInputVC.m in Sources */,
				693DB74F13A3D0E100DA9DE1 /* phoneInputVC.m in Sources */,
				693DB77713A4095800DA9DE1 /* dateInputVC.m in Sources */,
				693DB96F13C6087A00DA9DE1 /* dropboxSync.m in Sources */,
				694CEB6D13F45BF1001CA3FA /* DBAccountInfo.m in Sources */,
				694CEB6E13F45BF1001CA3FA /* DBCreateAccountController.m in Sources */,
				694CEB6F13F45BF1001CA3FA /* DBError.m in Sources */,
				694CEB7013F45BF1001CA3FA /* DBLoadingView.m in Sources */,
				694CEB7113F45BF1001CA3FA /* DBLoginController.m in Sources */,
				694CEB7213F45BF1001CA3FA /* DBMetadata.m in Sources */,
				694CEB7313F45BF1001CA3FA /* DBQuota.m in Sources */,
				694CEB7413F45BF1001CA3FA /* DBRequest.m in Sources */,
				694CEB7513F45BF1001CA3FA /* DBRestClient.m in Sources */,
				694CEB7613F45BF1001CA3FA /* DBSession.m in Sources */,
				694CEB7713F45BF1001CA3FA /* NSObject+SBJSON.m in Sources */,
				694CEB7813F45BF1001CA3FA /* NSString+SBJSON.m in Sources */,
				694CEB7913F45BF1001CA3FA /* SBJSON.m in Sources */,
				694CEB7A13F45BF1001CA3FA /* SBJsonBase.m in Sources */,
				694CEB7B13F45BF1001CA3FA /* SBJsonParser.m in Sources */,
				694CEB7C13F45BF1001CA3FA /* SBJsonWriter.m in Sources */,
				694CEB7E13F45BF1001CA3FA /* Base64Transcoder.c in Sources */,
				694CEB7F13F45BF1001CA3FA /* MPOAuthAPI.m in Sources */,
				694CEB8013F45BF1001CA3FA /* MPOAuthAPIRequestLoader.m in Sources */,
				694CEB8113F45BF1001CA3FA /* MPOAuthAuthenticationMethod.m in Sources */,
				694CEB8213F45BF1001CA3FA /* MPOAuthAuthenticationMethodOAuth.m in Sources */,
				694CEB8313F45BF1001CA3FA /* MPOAuthConnection.m in Sources */,
				694CEB8413F45BF1001CA3FA /* MPOAuthCredentiaIConcreteStore+KeychainAdditionsMac.m in Sources */,
				694CEB8513F45BF1001CA3FA /* MPOAuthCredentialConcreteStore+KeychainAdditionsiPhone.m in Sources */,
				694CEB8613F45BF1001CA3FA /* MPOAuthCredentialConcreteStore.m in Sources */,
				694CEB8713F45BF1001CA3FA /* MPOAuthSignatureParameter.m in Sources */,
				694CEB8813F45BF1001CA3FA /* MPOAuthURLRequest.m in Sources */,
				694CEB8913F45BF1001CA3FA /* MPOAuthURLResponse.m in Sources */,
				694CEB8A13F45BF1001CA3FA /* MPURLRequestParameter.m in Sources */,
				694CEB8B13F45BF1001CA3FA /* NSString+URLEscapingAdditions.m in Sources */,
				694CEB8C13F45BF1001CA3FA /* NSURL+MPURLParameterAdditions.m in Sources */,
				694CEB8D13F45BF1001CA3FA /* NSURLResponse+Encoding.m in Sources */,
				694CEB8E13F45BF1001CA3FA /* NSString+Dropbox.m in Sources */,
				69669C8213F96E630074F878 /* stubCustomer.m in Sources */,
			);
			runOnlyForDeploymentPostprocessing = 0;
		};
/* End PBXSourcesBuildPhase section */

/* Begin XCBuildConfiguration section */
		1D6058940D05DD3E006BFB54 /* Debug */ = {
			isa = XCBuildConfiguration;
			buildSettings = {
				ALWAYS_SEARCH_USER_PATHS = NO;
				COPY_PHASE_STRIP = NO;
				GCC_DYNAMIC_NO_PIC = NO;
				GCC_OPTIMIZATION_LEVEL = 0;
				GCC_PRECOMPILE_PREFIX_HEADER = YES;
				GCC_PREFIX_HEADER = All_Seeing_Eye_Prefix.pch;
				INFOPLIST_FILE = "All_Seeing_Eye-Info.plist";
				LIBRARY_SEARCH_PATHS = (
					"$(inherited)",
					"\"$(SRCROOT)/ZBarSDK\"",
				);
				PRODUCT_NAME = "All-Seeing Eye";
			};
			name = Debug;
		};
		1D6058950D05DD3E006BFB54 /* Release */ = {
			isa = XCBuildConfiguration;
			buildSettings = {
				ALWAYS_SEARCH_USER_PATHS = NO;
				COPY_PHASE_STRIP = YES;
				GCC_PRECOMPILE_PREFIX_HEADER = YES;
				GCC_PREFIX_HEADER = All_Seeing_Eye_Prefix.pch;
				INFOPLIST_FILE = "All_Seeing_Eye-Info.plist";
				LIBRARY_SEARCH_PATHS = (
					"$(inherited)",
					"\"$(SRCROOT)/ZBarSDK\"",
				);
				PRODUCT_NAME = "All-Seeing Eye";
				VALIDATE_PRODUCT = YES;
			};
			name = Release;
		};
		C01FCF4F08A954540054247B /* Debug */ = {
			isa = XCBuildConfiguration;
			buildSettings = {
				ARCHS = "$(ARCHS_STANDARD_32_BIT)";
				"CODE_SIGN_IDENTITY[sdk=iphoneos*]" = "iPhone Developer";
				GCC_C_LANGUAGE_STANDARD = c99;
				GCC_WARN_ABOUT_RETURN_TYPE = YES;
				GCC_WARN_UNUSED_VARIABLE = YES;
				HEADER_SEARCH_PATHS = (
					"DropboxSDK/**",
					"ZBarSDK/**",
				);
				LIBRARY_SEARCH_PATHS = "ZBarSDK/**";
				PREBINDING = NO;
				SDKROOT = iphoneos;
				TARGETED_DEVICE_FAMILY = "1,2";
			};
			name = Debug;
		};
		C01FCF5008A954540054247B /* Release */ = {
			isa = XCBuildConfiguration;
			buildSettings = {
				ARCHS = "$(ARCHS_UNIVERSAL_IPHONE_OS)";
				"CODE_SIGN_IDENTITY[sdk=iphoneos*]" = "iPhone Developer";
				GCC_C_LANGUAGE_STANDARD = c99;
				GCC_WARN_ABOUT_RETURN_TYPE = YES;
				GCC_WARN_UNUSED_VARIABLE = YES;
				OTHER_CFLAGS = "-DNS_BLOCK_ASSERTIONS=1";
				PREBINDING = NO;
				SDKROOT = iphoneos;
				TARGETED_DEVICE_FAMILY = 2;
			};
			name = Release;
		};
/* End XCBuildConfiguration section */

/* Begin XCConfigurationList section */
		1D6058960D05DD3E006BFB54 /* Build configuration list for PBXNativeTarget "All-Seeing Eye" */ = {
			isa = XCConfigurationList;
			buildConfigurations = (
				1D6058940D05DD3E006BFB54 /* Debug */,
				1D6058950D05DD3E006BFB54 /* Release */,
			);
			defaultConfigurationIsVisible = 0;
			defaultConfigurationName = Release;
		};
		C01FCF4E08A954540054247B /* Build configuration list for PBXProject "All-Seeing Eye" */ = {
			isa = XCConfigurationList;
			buildConfigurations = (
				C01FCF4F08A954540054247B /* Debug */,
				C01FCF5008A954540054247B /* Release */,
			);
			defaultConfigurationIsVisible = 0;
			defaultConfigurationName = Release;
		};
/* End XCConfigurationList section */
	};
	rootObject = 29B97313FDCFA39411CA2CEA /* Project object */;
}
